// !$*UTF8*$!
{
	archiveVersion = 1;
	classes = {
	};
	objectVersion = 46;
	objects = {

/* Begin PBXAggregateTarget section */
		1322946847D323D413120CC1 /* Zen Delay Plugin - All */ = {
			isa = PBXAggregateTarget;
			buildConfigurationList = 696B9F68FC3D2BF2ACD07257;
			buildPhases = (
			);
			dependencies = (
				A27402059E15DF3900EEB409,
				DCADEF0AB77A4EB29031FDCE,
			);
			name = "Zen Delay Plugin - All";
			productName = "Zen Delay Plugin";
		};
/* End PBXAggregateTarget section */

/* Begin PBXBuildFile section */
		0CAB729D37C82A322C1A0C4C /* BinaryData.cpp */ = {isa = PBXBuildFile; fileRef = 84CD0F49D60904949E37C23F; };
		0EFAA49E3309D2D539AB0322 /* include_juce_audio_processors.mm */ = {isa = PBXBuildFile; fileRef = 90B65B7356ED20CDE1E41E72; };
		1216FC02EE4B87FBCD3F1969 /* AudioToolbox.framework */ = {isa = PBXBuildFile; fileRef = D4C3DE7EEE9FDF78B092A983; };
		14ADEA9EF8E395A3ABEF7DC7 /* include_juce_audio_plugin_client_VST_utils.mm */ = {isa = PBXBuildFile; fileRef = 29468D288C7F83A4DC6A4768; };
		18701FA8CCA3A575D594B833 /* AVFoundation.framework */ = {isa = PBXBuildFile; fileRef = 3ED95C28EAC3C3F110E09D1D; };
		23E347F5E45749F48BE4BA0A /* include_juce_audio_plugin_client_utils.cpp */ = {isa = PBXBuildFile; fileRef = 6C81E61C80496614A178854D; };
		257BB23CBAE55D8AD1B6BFB6 /* include_juce_audio_devices.mm */ = {isa = PBXBuildFile; fileRef = 86EE36EDADDECAA12E7424BD; };
		3756FED206F6D92362F162B0 /* CoreMIDI.framework */ = {isa = PBXBuildFile; fileRef = 37CE5ED9AE70FABA5701E06C; };
		44F97E98B536E899E770820E /* CoreAudioKit.framework */ = {isa = PBXBuildFile; fileRef = 9B7FB7BD0356BA1801572423; };
		49E9B6BCAB37B85A599132CD /* Images.xcassets */ = {isa = PBXBuildFile; fileRef = 21856BDC8B83F0E69711246A; };
		51BAB5C6EE36EB0C53881D7D /* include_juce_video.mm */ = {isa = PBXBuildFile; fileRef = 8B9613C966CC375CEE8C1ED5; };
		54C6777BC42EAEAA22E4A360 /* WebKit.framework */ = {isa = PBXBuildFile; fileRef = E6D84C657F070A26C785314D; };
		55C1FF93B206F9D09EDA8877 /* CoreText.framework */ = {isa = PBXBuildFile; fileRef = 67B342588EE92B2CD7BB4E34; };
		5C4BEC0E1F267236E4E4446D /* include_juce_graphics.mm */ = {isa = PBXBuildFile; fileRef = 300CB436584205513E021D9C; };
		600452722658F06FD337B57B /* CoreMedia.framework */ = {isa = PBXBuildFile; fileRef = 2C7CD9EAAD3E2A428D9684F7; };
		62C62B1347D26A14DD94C620 /* include_juce_audio_plugin_client_Standalone.cpp */ = {isa = PBXBuildFile; fileRef = F896305D266A197A39FA4248; };
		63289256A867BCF46D230DC4 /* PluginEditor.cpp */ = {isa = PBXBuildFile; fileRef = BBAF29EE74FB1815F3235DFA; };
		64C4413F4370AA094D3BD778 /* Standalone Plugin */ = {isa = PBXBuildFile; fileRef = 691D3DA2FB1534FEF0F1A4F7; };
		662B81F1E6B7CCAEE68A6071 /* UIComponent.cpp */ = {isa = PBXBuildFile; fileRef = 19A742736B41FDD7EC76D86A; };
		6773B2DF5D085D75E75BB601 /* UIKit.framework */ = {isa = PBXBuildFile; fileRef = 9B20EF2878EA8500C0196ADD; };
		724E8DDA8698FB03B3A376CA /* CoreAudio.framework */ = {isa = PBXBuildFile; fileRef = BC43D25503BBF744561332BB; };
		72963AC19798820704DA11CA /* zen_debug.cpp */ = {isa = PBXBuildFile; fileRef = 6045360026A4140C3FA24776; };
		7B436A9BA125B02180B750AE /* OpenGLES.framework */ = {isa = PBXBuildFile; fileRef = 843F5E3EDB76A6A7ED88A536; };
		82835C07B8A35382EEBA2577 /* include_juce_gui_extra.mm */ = {isa = PBXBuildFile; fileRef = 9E8F106C4DCBD55B48E54D99; };
		8DAF123E359256289C4A3BAF /* CoreGraphics.framework */ = {isa = PBXBuildFile; fileRef = 31A402578FB9DF9162D0A2AE; };
		8FA0B119B5CDC1410D07C1C7 /* Shared Code */ = {isa = PBXBuildFile; fileRef = A810512FE4F6CB3D86365DEA; };
		9818F3DA6863E999429F33CA /* LaunchScreen.storyboard */ = {isa = PBXBuildFile; fileRef = 20B2F38D3834846C6CB0EC2B; };
		99CF5C370067AFECE3325927 /* include_juce_audio_formats.mm */ = {isa = PBXBuildFile; fileRef = 9906AA6F89905D62DECCF6CD; };
		9BF7E87CA1FF93EBA87803CB /* include_juce_data_structures.mm */ = {isa = PBXBuildFile; fileRef = 2D3DC12554D0AF5C85AA6A66; };
		9FB113D82D1A5D34E30A7E22 /* include_juce_cryptography.mm */ = {isa = PBXBuildFile; fileRef = DB52E9A20C9530064746B0C8; };
		A0AA6D943E4FE28E71406F5B /* AppWrapper.cpp */ = {isa = PBXBuildFile; fileRef = 9E9322EBC360FED929995316; };
		A0D29306D94AC0E2E93F2C1B /* zen_memory.cpp */ = {isa = PBXBuildFile; fileRef = 4512970327526C450F6D894F; };
		A972CC6AF3C86020C97EC721 /* include_juce_core.mm */ = {isa = PBXBuildFile; fileRef = 7300FCF182C12A53375D80BC; };
		B5C0BF4A407766099282BE3A /* Accelerate.framework */ = {isa = PBXBuildFile; fileRef = 4A87F119D8D96583AD5906FA; };
		B6E457E0AC75B3F9C2454C33 /* App.cpp */ = {isa = PBXBuildFile; fileRef = E43ED20288EFA8C67B554C1F; };
		BBEFF8E5C01F8CD50AD801BB /* include_juce_gui_basics.mm */ = {isa = PBXBuildFile; fileRef = A31C7380FB7A820B36691533; };
		BF389104288CF713683CA0C6 /* include_juce_dsp.mm */ = {isa = PBXBuildFile; fileRef = 07CD58703B588A8C2795F112; };
		C6478BD80F0478BE9FC035EC /* AVKit.framework */ = {isa = PBXBuildFile; fileRef = 77DADB3105A3CFB64BE87200; };
		C8263B08A180CBC6F7D25D15 /* PluginProcessor.cpp */ = {isa = PBXBuildFile; fileRef = 18F469115F89863516BE86BC; };
		D42BCCCA839152E34FB8B4AE /* CoreImage.framework */ = {isa = PBXBuildFile; fileRef = 7459A4D17DE85FC946CC70A0; };
		D69BD0AE0E019FBCEFAD0C48 /* CoreServices.framework */ = {isa = PBXBuildFile; fileRef = 80965EE9116F35BFD7D4E831; };
		DC940AFB0F70DCF6ACBCE8B7 /* include_juce_opengl.mm */ = {isa = PBXBuildFile; fileRef = 3EB084EFCDCB5A6345AB3DD3; };
		E46B0A02955CA7E0F2FCC7B2 /* zen-math.c */ = {isa = PBXBuildFile; fileRef = 8630A7F83D56373B1242D620; };
		E49C10523CE35360371AF2BE /* include_juce_events.mm */ = {isa = PBXBuildFile; fileRef = 8D88B3DFFFD690D985DD4531; };
		FA44AB96697E149D4A611E15 /* include_juce_audio_utils.mm */ = {isa = PBXBuildFile; fileRef = EDEEB6BD10AAF09167E1D630; };
		FBE5F20CE3A3D0B9192CD394 /* Foundation.framework */ = {isa = PBXBuildFile; fileRef = 883EFA6E6FA886473E385AD7; };
		FCF92E1A93F7FB7117DC56E4 /* QuartzCore.framework */ = {isa = PBXBuildFile; fileRef = A02CE6774629795DA35BE4FB; };
		FF03E1847822DFC72C983799 /* include_juce_audio_basics.mm */ = {isa = PBXBuildFile; fileRef = 5EF0F933DB9358ADBAF2FC99; };
/* End PBXBuildFile section */

/* Begin PBXFileReference section */
		002B2E23CF191BFBC960F9DB /* dsp.h */ /* dsp.h */ = {isa = PBXFileReference; lastKnownFileType = sourcecode.c.h; name = dsp.h; path = ../../../../../zenlib/dsp/dsp.h; sourceTree = SOURCE_ROOT; };
		004201753D931A97468F799A /* zen_sampler.c */ /* zen_sampler.c */ = {isa = PBXFileReference; lastKnownFileType = sourcecode.c.c; name = zen_sampler.c; path = ../../../../../zenlib/blocks/zen_sampler.c; sourceTree = SOURCE_ROOT; };
		034DAA41FADA97E34FC4BE5C /* delay_line.h */ /* delay_line.h */ = {isa = PBXFileReference; lastKnownFileType = sourcecode.c.h; name = delay_line.h; path = ../../../../../zenlib/blocks/delay_line.h; sourceTree = SOURCE_ROOT; };
		0620784BAEBEEDF017D19CCC /* zen_sampler.h */ /* zen_sampler.h */ = {isa = PBXFileReference; lastKnownFileType = sourcecode.c.h; name = zen_sampler.h; path = ../../../../../zenlib/blocks/zen_sampler.h; sourceTree = SOURCE_ROOT; };
		07CD58703B588A8C2795F112 /* include_juce_dsp.mm */ /* include_juce_dsp.mm */ = {isa = PBXFileReference; lastKnownFileType = sourcecode.cpp.objcpp; name = include_juce_dsp.mm; path = ../../JuceLibraryCode/include_juce_dsp.mm; sourceTree = SOURCE_ROOT; };
		081765856A939EE0528E21BB /* AudioInstance.h */ /* AudioInstance.h */ = {isa = PBXFileReference; lastKnownFileType = sourcecode.c.h; name = AudioInstance.h; path = ../../../../../zenlib/AudioInstance.h; sourceTree = SOURCE_ROOT; };
		083B31EE556DFF16082AB7C6 /* zen_filters.c */ /* zen_filters.c */ = {isa = PBXFileReference; lastKnownFileType = sourcecode.c.c; name = zen_filters.c; path = ../../../../../zenlib/blocks/zen_filters.c; sourceTree = SOURCE_ROOT; };
		10485AAC4E5168FB73BD8C86 /* zen_modulation.c */ /* zen_modulation.c */ = {isa = PBXFileReference; lastKnownFileType = sourcecode.c.c; name = zen_modulation.c; path = ../../../../../zenlib/blocks/zen_modulation.c; sourceTree = SOURCE_ROOT; };
		15D46B7CB6A6C563F85C215E /* juce_video */ /* juce_video */ = {isa = PBXFileReference; lastKnownFileType = folder; name = juce_video; path = "~/JUCE/modules/juce_video"; sourceTree = "<absolute>"; };
		18F469115F89863516BE86BC /* PluginProcessor.cpp */ /* PluginProcessor.cpp */ = {isa = PBXFileReference; lastKnownFileType = sourcecode.cpp.cpp; name = PluginProcessor.cpp; path = ../../Source/PluginProcessor.cpp; sourceTree = SOURCE_ROOT; };
		19A742736B41FDD7EC76D86A /* UIComponent.cpp */ /* UIComponent.cpp */ = {isa = PBXFileReference; lastKnownFileType = sourcecode.cpp.cpp; name = UIComponent.cpp; path = ../../Source/UIComponent.cpp; sourceTree = SOURCE_ROOT; };
		1AC7A090F41F9BED7392C4FE /* compressor.h */ /* compressor.h */ = {isa = PBXFileReference; lastKnownFileType = sourcecode.c.h; name = compressor.h; path = ../../../../../zenlib/blocks/compressor.h; sourceTree = SOURCE_ROOT; };
		1B08BC892A1A11F888AC9A6D /* juce_opengl */ /* juce_opengl */ = {isa = PBXFileReference; lastKnownFileType = folder; name = juce_opengl; path = "~/JUCE/modules/juce_opengl"; sourceTree = "<absolute>"; };
		1DE2341EF5A9865090FA056F /* zen_zero_crossing.h */ /* zen_zero_crossing.h */ = {isa = PBXFileReference; lastKnownFileType = sourcecode.c.h; name = zen_zero_crossing.h; path = ../../../../../zenlib/blocks/zen_zero_crossing.h; sourceTree = SOURCE_ROOT; };
		20B2F38D3834846C6CB0EC2B /* LaunchScreen.storyboard */ /* LaunchScreen.storyboard */ = {isa = PBXFileReference; lastKnownFileType = file.storyboard; name = LaunchScreen.storyboard; path = LaunchScreen.storyboard; sourceTree = SOURCE_ROOT; };
		21856BDC8B83F0E69711246A /* Images.xcassets */ /* Images.xcassets */ = {isa = PBXFileReference; lastKnownFileType = folder.assetcatalog; name = Images.xcassets; path = "Zen Delay Plugin/Images.xcassets"; sourceTree = SOURCE_ROOT; };
		23F375AD42DA1A34A505E658 /* juce_events */ /* juce_events */ = {isa = PBXFileReference; lastKnownFileType = folder; name = juce_events; path = "~/JUCE/modules/juce_events"; sourceTree = "<absolute>"; };
		27E392DF358F039F1043C411 /* BinaryData.h */ /* BinaryData.h */ = {isa = PBXFileReference; lastKnownFileType = sourcecode.c.h; name = BinaryData.h; path = ../../JuceLibraryCode/BinaryData.h; sourceTree = SOURCE_ROOT; };
		29468D288C7F83A4DC6A4768 /* include_juce_audio_plugin_client_VST_utils.mm */ /* include_juce_audio_plugin_client_VST_utils.mm */ = {isa = PBXFileReference; lastKnownFileType = sourcecode.cpp.objcpp; name = include_juce_audio_plugin_client_VST_utils.mm; path = ../../JuceLibraryCode/include_juce_audio_plugin_client_VST_utils.mm; sourceTree = SOURCE_ROOT; };
		29F833F46587650282221680 /* zen_bitcrush.c */ /* zen_bitcrush.c */ = {isa = PBXFileReference; lastKnownFileType = sourcecode.c.c; name = zen_bitcrush.c; path = ../../../../../zenlib/blocks/zen_bitcrush.c; sourceTree = SOURCE_ROOT; };
		2C7CD9EAAD3E2A428D9684F7 /* CoreMedia.framework */ /* CoreMedia.framework */ = {isa = PBXFileReference; lastKnownFileType = wrapper.framework; name = CoreMedia.framework; path = System/Library/Frameworks/CoreMedia.framework; sourceTree = SDKROOT; };
		2D3DC12554D0AF5C85AA6A66 /* include_juce_data_structures.mm */ /* include_juce_data_structures.mm */ = {isa = PBXFileReference; lastKnownFileType = sourcecode.cpp.objcpp; name = include_juce_data_structures.mm; path = ../../JuceLibraryCode/include_juce_data_structures.mm; sourceTree = SOURCE_ROOT; };
		2E0B37C154BCB8885B712C35 /* Globals.h */ /* Globals.h */ = {isa = PBXFileReference; lastKnownFileType = sourcecode.c.h; name = Globals.h; path = ../../Source/Globals.h; sourceTree = SOURCE_ROOT; };
		300CB436584205513E021D9C /* include_juce_graphics.mm */ /* include_juce_graphics.mm */ = {isa = PBXFileReference; lastKnownFileType = sourcecode.cpp.objcpp; name = include_juce_graphics.mm; path = ../../JuceLibraryCode/include_juce_graphics.mm; sourceTree = SOURCE_ROOT; };
		31A402578FB9DF9162D0A2AE /* CoreGraphics.framework */ /* CoreGraphics.framework */ = {isa = PBXFileReference; lastKnownFileType = wrapper.framework; name = CoreGraphics.framework; path = System/Library/Frameworks/CoreGraphics.framework; sourceTree = SDKROOT; };
		3452815E8EDC084F761066E7 /* juce_audio_processors */ /* juce_audio_processors */ = {isa = PBXFileReference; lastKnownFileType = folder; name = juce_audio_processors; path = "~/JUCE/modules/juce_audio_processors"; sourceTree = "<absolute>"; };
		35D8AD0B9C329FBAB8B5A8ED /* zen_mixer.h */ /* zen_mixer.h */ = {isa = PBXFileReference; lastKnownFileType = sourcecode.c.h; name = zen_mixer.h; path = ../../../../../zenlib/blocks/zen_mixer.h; sourceTree = SOURCE_ROOT; };
		368FAE514D22FF3BE327F843 /* juce_audio_basics */ /* juce_audio_basics */ = {isa = PBXFileReference; lastKnownFileType = folder; name = juce_audio_basics; path = "~/JUCE/modules/juce_audio_basics"; sourceTree = "<absolute>"; };
		371ABE2E362653961699357D /* AppWrapper.h */ /* AppWrapper.h */ = {isa = PBXFileReference; lastKnownFileType = sourcecode.c.h; name = AppWrapper.h; path = ../../../../AppWrapper.h; sourceTree = SOURCE_ROOT; };
		37CE5ED9AE70FABA5701E06C /* CoreMIDI.framework */ /* CoreMIDI.framework */ = {isa = PBXFileReference; lastKnownFileType = wrapper.framework; name = CoreMIDI.framework; path = System/Library/Frameworks/CoreMIDI.framework; sourceTree = SDKROOT; };
		3B7560A2848C7A5E6CC6C7BE /* JuceHeader.h */ /* JuceHeader.h */ = {isa = PBXFileReference; lastKnownFileType = sourcecode.c.h; name = JuceHeader.h; path = ../../JuceLibraryCode/JuceHeader.h; sourceTree = SOURCE_ROOT; };
		3EB084EFCDCB5A6345AB3DD3 /* include_juce_opengl.mm */ /* include_juce_opengl.mm */ = {isa = PBXFileReference; lastKnownFileType = sourcecode.cpp.objcpp; name = include_juce_opengl.mm; path = ../../JuceLibraryCode/include_juce_opengl.mm; sourceTree = SOURCE_ROOT; };
		3ED95C28EAC3C3F110E09D1D /* AVFoundation.framework */ /* AVFoundation.framework */ = {isa = PBXFileReference; lastKnownFileType = wrapper.framework; name = AVFoundation.framework; path = System/Library/Frameworks/AVFoundation.framework; sourceTree = SDKROOT; };
		4080EEF3C985B9FE00C74F35 /* README.md */ /* README.md */ = {isa = PBXFileReference; lastKnownFileType = file.md; name = README.md; path = ../../../../README.md; sourceTree = SOURCE_ROOT; };
		433DE0BA18D46741273E89B7 /* README.md */ /* README.md */ = {isa = PBXFileReference; lastKnownFileType = file.md; name = README.md; path = ../../../../../zenlib/README.md; sourceTree = SOURCE_ROOT; };
		44B766C28C4F44C59B84F472 /* JucePluginDefines.h */ /* JucePluginDefines.h */ = {isa = PBXFileReference; lastKnownFileType = sourcecode.c.h; name = JucePluginDefines.h; path = ../../JuceLibraryCode/JucePluginDefines.h; sourceTree = SOURCE_ROOT; };
		44BF4C24877A2E637E2FA899 /* zen_envelope.h */ /* zen_envelope.h */ = {isa = PBXFileReference; lastKnownFileType = sourcecode.c.h; name = zen_envelope.h; path = ../../../../../zenlib/blocks/zen_envelope.h; sourceTree = SOURCE_ROOT; };
		4512970327526C450F6D894F /* zen_memory.cpp */ /* zen_memory.cpp */ = {isa = PBXFileReference; lastKnownFileType = sourcecode.cpp.cpp; name = zen_memory.cpp; path = ../../../../../zenlib/utils/zen_memory.cpp; sourceTree = SOURCE_ROOT; };
		4896B982DDF8DE722B40887C /* zen_debug.h */ /* zen_debug.h */ = {isa = PBXFileReference; lastKnownFileType = sourcecode.c.h; name = zen_debug.h; path = ../../../../../zenlib/utils/zen_debug.h; sourceTree = SOURCE_ROOT; };
		4A87F119D8D96583AD5906FA /* Accelerate.framework */ /* Accelerate.framework */ = {isa = PBXFileReference; lastKnownFileType = wrapper.framework; name = Accelerate.framework; path = System/Library/Frameworks/Accelerate.framework; sourceTree = SDKROOT; };
		4CEC84F01E5D28B38C8AFDBA /* SpectrumAnalyzer.h */ /* SpectrumAnalyzer.h */ = {isa = PBXFileReference; lastKnownFileType = sourcecode.c.h; name = SpectrumAnalyzer.h; path = ../../Source/SpectrumAnalyzer.h; sourceTree = SOURCE_ROOT; };
		4FAB1FA6B4094EBE93C868F0 /* juce_audio_plugin_client */ /* juce_audio_plugin_client */ = {isa = PBXFileReference; lastKnownFileType = folder; name = juce_audio_plugin_client; path = "~/JUCE/modules/juce_audio_plugin_client"; sourceTree = "<absolute>"; };
		51FFB189148DDE79A443F60B /* feedback.h */ /* feedback.h */ = {isa = PBXFileReference; lastKnownFileType = sourcecode.c.h; name = feedback.h; path = ../../../../../zenlib/blocks/feedback.h; sourceTree = SOURCE_ROOT; };
		5B01C5D3FC962B4141BAD119 /* zen.h */ /* zen.h */ = {isa = PBXFileReference; lastKnownFileType = sourcecode.c.h; name = zen.h; path = ../../../../../zenlib/zen.h; sourceTree = SOURCE_ROOT; };
		5EF0F933DB9358ADBAF2FC99 /* include_juce_audio_basics.mm */ /* include_juce_audio_basics.mm */ = {isa = PBXFileReference; lastKnownFileType = sourcecode.cpp.objcpp; name = include_juce_audio_basics.mm; path = ../../JuceLibraryCode/include_juce_audio_basics.mm; sourceTree = SOURCE_ROOT; };
		6045360026A4140C3FA24776 /* zen_debug.cpp */ /* zen_debug.cpp */ = {isa = PBXFileReference; lastKnownFileType = sourcecode.cpp.cpp; name = zen_debug.cpp; path = ../../../../../zenlib/utils/zen_debug.cpp; sourceTree = SOURCE_ROOT; };
		644E9B044E19BA6F0A060B75 /* PluginEditor.h */ /* PluginEditor.h */ = {isa = PBXFileReference; lastKnownFileType = sourcecode.c.h; name = PluginEditor.h; path = ../../Source/PluginEditor.h; sourceTree = SOURCE_ROOT; };
		67B342588EE92B2CD7BB4E34 /* CoreText.framework */ /* CoreText.framework */ = {isa = PBXFileReference; lastKnownFileType = wrapper.framework; name = CoreText.framework; path = System/Library/Frameworks/CoreText.framework; sourceTree = SDKROOT; };
		6889530DC0AE278C1DBF2BF7 /* juce_audio_devices */ /* juce_audio_devices */ = {isa = PBXFileReference; lastKnownFileType = folder; name = juce_audio_devices; path = "~/JUCE/modules/juce_audio_devices"; sourceTree = "<absolute>"; };
		691D3DA2FB1534FEF0F1A4F7 /* Standalone Plugin */ = {isa = PBXFileReference; explicitFileType = wrapper.application; includeInIndex = 0; path = LEAF.app; sourceTree = BUILT_PRODUCTS_DIR; };
		6C81E61C80496614A178854D /* include_juce_audio_plugin_client_utils.cpp */ /* include_juce_audio_plugin_client_utils.cpp */ = {isa = PBXFileReference; lastKnownFileType = sourcecode.cpp.cpp; name = include_juce_audio_plugin_client_utils.cpp; path = ../../JuceLibraryCode/include_juce_audio_plugin_client_utils.cpp; sourceTree = SOURCE_ROOT; };
		6FFCC3ECF90D0C4BA013A392 /* zen_zero_crossing.c */ /* zen_zero_crossing.c */ = {isa = PBXFileReference; lastKnownFileType = sourcecode.c.c; name = zen_zero_crossing.c; path = ../../../../../zenlib/blocks/zen_zero_crossing.c; sourceTree = SOURCE_ROOT; };
		71A5BBFBF4C78C58C92F4CF5 /* zen_multiwave.c */ /* zen_multiwave.c */ = {isa = PBXFileReference; lastKnownFileType = sourcecode.c.c; name = zen_multiwave.c; path = ../../../../../zenlib/blocks/zen_multiwave.c; sourceTree = SOURCE_ROOT; };
		7300FCF182C12A53375D80BC /* include_juce_core.mm */ /* include_juce_core.mm */ = {isa = PBXFileReference; lastKnownFileType = sourcecode.cpp.objcpp; name = include_juce_core.mm; path = ../../JuceLibraryCode/include_juce_core.mm; sourceTree = SOURCE_ROOT; };
		741DCFB7DF6F7C484CE408D6 /* juce_data_structures */ /* juce_data_structures */ = {isa = PBXFileReference; lastKnownFileType = folder; name = juce_data_structures; path = "~/JUCE/modules/juce_data_structures"; sourceTree = "<absolute>"; };
		7459A4D17DE85FC946CC70A0 /* CoreImage.framework */ /* CoreImage.framework */ = {isa = PBXFileReference; lastKnownFileType = wrapper.framework; name = CoreImage.framework; path = System/Library/Frameworks/CoreImage.framework; sourceTree = SDKROOT; };
		74A7B9724AC8122A50791A6D /* zen_wave.h */ /* zen_wave.h */ = {isa = PBXFileReference; lastKnownFileType = sourcecode.c.h; name = zen_wave.h; path = ../../../../../zenlib/blocks/zen_wave.h; sourceTree = SOURCE_ROOT; };
		77C9868D068EE8E905E330F4 /* delay.h */ /* delay.h */ = {isa = PBXFileReference; lastKnownFileType = sourcecode.c.h; name = delay.h; path = ../../../../../zenlib/blocks/delay.h; sourceTree = SOURCE_ROOT; };
		77DADB3105A3CFB64BE87200 /* AVKit.framework */ /* AVKit.framework */ = {isa = PBXFileReference; lastKnownFileType = wrapper.framework; name = AVKit.framework; path = System/Library/Frameworks/AVKit.framework; sourceTree = SDKROOT; };
		78AF9C1EAD9A953A154EFA81 /* juce_audio_formats */ /* juce_audio_formats */ = {isa = PBXFileReference; lastKnownFileType = folder; name = juce_audio_formats; path = "~/JUCE/modules/juce_audio_formats"; sourceTree = "<absolute>"; };
		7A3B8E19E000A7A4B7DD7C44 /* AppConfig.h */ /* AppConfig.h */ = {isa = PBXFileReference; lastKnownFileType = sourcecode.c.h; name = AppConfig.h; path = ../../JuceLibraryCode/AppConfig.h; sourceTree = SOURCE_ROOT; };
		7D88A02E53C22BA71DD3798A /* Info-Standalone_Plugin.plist */ /* Info-Standalone_Plugin.plist */ = {isa = PBXFileReference; lastKnownFileType = text.plist.xml; name = "Info-Standalone_Plugin.plist"; path = "Info-Standalone_Plugin.plist"; sourceTree = SOURCE_ROOT; };
		80965EE9116F35BFD7D4E831 /* CoreServices.framework */ /* CoreServices.framework */ = {isa = PBXFileReference; lastKnownFileType = wrapper.framework; name = CoreServices.framework; path = System/Library/Frameworks/CoreServices.framework; sourceTree = SDKROOT; };
		8266FD22513ED386343BC743 /* juce_cryptography */ /* juce_cryptography */ = {isa = PBXFileReference; lastKnownFileType = folder; name = juce_cryptography; path = "~/JUCE/modules/juce_cryptography"; sourceTree = "<absolute>"; };
		843F5E3EDB76A6A7ED88A536 /* OpenGLES.framework */ /* OpenGLES.framework */ = {isa = PBXFileReference; lastKnownFileType = wrapper.framework; name = OpenGLES.framework; path = System/Library/Frameworks/OpenGLES.framework; sourceTree = SDKROOT; };
		84CD0F49D60904949E37C23F /* BinaryData.cpp */ /* BinaryData.cpp */ = {isa = PBXFileReference; lastKnownFileType = sourcecode.cpp.cpp; name = BinaryData.cpp; path = ../../JuceLibraryCode/BinaryData.cpp; sourceTree = SOURCE_ROOT; };
		8630A7F83D56373B1242D620 /* zen-math.c */ /* zen-math.c */ = {isa = PBXFileReference; lastKnownFileType = sourcecode.c.c; name = "zen-math.c"; path = "../../../../../zenlib/dsp/zen-math.c"; sourceTree = SOURCE_ROOT; };
		86EE36EDADDECAA12E7424BD /* include_juce_audio_devices.mm */ /* include_juce_audio_devices.mm */ = {isa = PBXFileReference; lastKnownFileType = sourcecode.cpp.objcpp; name = include_juce_audio_devices.mm; path = ../../JuceLibraryCode/include_juce_audio_devices.mm; sourceTree = SOURCE_ROOT; };
		883EFA6E6FA886473E385AD7 /* Foundation.framework */ /* Foundation.framework */ = {isa = PBXFileReference; lastKnownFileType = wrapper.framework; name = Foundation.framework; path = System/Library/Frameworks/Foundation.framework; sourceTree = SDKROOT; };
		8B9613C966CC375CEE8C1ED5 /* include_juce_video.mm */ /* include_juce_video.mm */ = {isa = PBXFileReference; lastKnownFileType = sourcecode.cpp.objcpp; name = include_juce_video.mm; path = ../../JuceLibraryCode/include_juce_video.mm; sourceTree = SOURCE_ROOT; };
		8D88B3DFFFD690D985DD4531 /* include_juce_events.mm */ /* include_juce_events.mm */ = {isa = PBXFileReference; lastKnownFileType = sourcecode.cpp.objcpp; name = include_juce_events.mm; path = ../../JuceLibraryCode/include_juce_events.mm; sourceTree = SOURCE_ROOT; };
		8FA51734C4E14ECC24D82B59 /* tables.h */ /* tables.h */ = {isa = PBXFileReference; lastKnownFileType = sourcecode.c.h; name = tables.h; path = ../../../../../zenlib/utils/tables.h; sourceTree = SOURCE_ROOT; };
		90B65B7356ED20CDE1E41E72 /* include_juce_audio_processors.mm */ /* include_juce_audio_processors.mm */ = {isa = PBXFileReference; lastKnownFileType = sourcecode.cpp.objcpp; name = include_juce_audio_processors.mm; path = ../../JuceLibraryCode/include_juce_audio_processors.mm; sourceTree = SOURCE_ROOT; };
		983BC1D6EBDCED2485DBD13E /* App.h */ /* App.h */ = {isa = PBXFileReference; lastKnownFileType = sourcecode.c.h; name = App.h; path = ../../../../App.h; sourceTree = SOURCE_ROOT; };
		9906AA6F89905D62DECCF6CD /* include_juce_audio_formats.mm */ /* include_juce_audio_formats.mm */ = {isa = PBXFileReference; lastKnownFileType = sourcecode.cpp.objcpp; name = include_juce_audio_formats.mm; path = ../../JuceLibraryCode/include_juce_audio_formats.mm; sourceTree = SOURCE_ROOT; };
		9B20EF2878EA8500C0196ADD /* UIKit.framework */ /* UIKit.framework */ = {isa = PBXFileReference; lastKnownFileType = wrapper.framework; name = UIKit.framework; path = System/Library/Frameworks/UIKit.framework; sourceTree = SDKROOT; };
		9B7FB7BD0356BA1801572423 /* CoreAudioKit.framework */ /* CoreAudioKit.framework */ = {isa = PBXFileReference; lastKnownFileType = wrapper.framework; name = CoreAudioKit.framework; path = System/Library/Frameworks/CoreAudioKit.framework; sourceTree = SDKROOT; };
		9E8F106C4DCBD55B48E54D99 /* include_juce_gui_extra.mm */ /* include_juce_gui_extra.mm */ = {isa = PBXFileReference; lastKnownFileType = sourcecode.cpp.objcpp; name = include_juce_gui_extra.mm; path = ../../JuceLibraryCode/include_juce_gui_extra.mm; sourceTree = SOURCE_ROOT; };
		9E9322EBC360FED929995316 /* AppWrapper.cpp */ /* AppWrapper.cpp */ = {isa = PBXFileReference; lastKnownFileType = sourcecode.cpp.cpp; name = AppWrapper.cpp; path = ../../../../AppWrapper.cpp; sourceTree = SOURCE_ROOT; };
		9FD2ECD9AF1E9588577C821B /* zen_envelope.c */ /* zen_envelope.c */ = {isa = PBXFileReference; lastKnownFileType = sourcecode.c.c; name = zen_envelope.c; path = ../../../../../zenlib/blocks/zen_envelope.c; sourceTree = SOURCE_ROOT; };
		A02CE6774629795DA35BE4FB /* QuartzCore.framework */ /* QuartzCore.framework */ = {isa = PBXFileReference; lastKnownFileType = wrapper.framework; name = QuartzCore.framework; path = System/Library/Frameworks/QuartzCore.framework; sourceTree = SDKROOT; };
		A31C7380FB7A820B36691533 /* include_juce_gui_basics.mm */ /* include_juce_gui_basics.mm */ = {isa = PBXFileReference; lastKnownFileType = sourcecode.cpp.objcpp; name = include_juce_gui_basics.mm; path = ../../JuceLibraryCode/include_juce_gui_basics.mm; sourceTree = SOURCE_ROOT; };
		A5EA213383E6A69C8160AF6A /* juce_gui_extra */ /* juce_gui_extra */ = {isa = PBXFileReference; lastKnownFileType = folder; name = juce_gui_extra; path = "~/JUCE/modules/juce_gui_extra"; sourceTree = "<absolute>"; };
		A810512FE4F6CB3D86365DEA /* Shared Code */ = {isa = PBXFileReference; explicitFileType = archive.ar; includeInIndex = 0; path = libLEAF.a; sourceTree = BUILT_PRODUCTS_DIR; };
		A9A470B4D0C80ABC91E8E883 /* zen_svf.h */ /* zen_svf.h */ = {isa = PBXFileReference; lastKnownFileType = sourcecode.c.h; name = zen_svf.h; path = ../../../../../zenlib/blocks/zen_svf.h; sourceTree = SOURCE_ROOT; };
		AC02AD16C897731A6F0DAE30 /* zen_bitcrush.h */ /* zen_bitcrush.h */ = {isa = PBXFileReference; lastKnownFileType = sourcecode.c.h; name = zen_bitcrush.h; path = ../../../../../zenlib/blocks/zen_bitcrush.h; sourceTree = SOURCE_ROOT; };
		ADF1246985BCDF6AEF25C349 /* juce_gui_basics */ /* juce_gui_basics */ = {isa = PBXFileReference; lastKnownFileType = folder; name = juce_gui_basics; path = "~/JUCE/modules/juce_gui_basics"; sourceTree = "<absolute>"; };
		AF1DF4ADA2A45F10146E39C1 /* juce_dsp */ /* juce_dsp */ = {isa = PBXFileReference; lastKnownFileType = folder; name = juce_dsp; path = "~/JUCE/modules/juce_dsp"; sourceTree = "<absolute>"; };
		B032F73DC7B2E77C7AEC5432 /* UIComponent.h */ /* UIComponent.h */ = {isa = PBXFileReference; lastKnownFileType = sourcecode.c.h; name = UIComponent.h; path = ../../Source/UIComponent.h; sourceTree = SOURCE_ROOT; };
		B213F44655BA9CAB393B5D89 /* index.h */ /* index.h */ = {isa = PBXFileReference; lastKnownFileType = sourcecode.c.h; name = index.h; path = ../../../../../zenlib/blocks/index.h; sourceTree = SOURCE_ROOT; };
		BBAF29EE74FB1815F3235DFA /* PluginEditor.cpp */ /* PluginEditor.cpp */ = {isa = PBXFileReference; lastKnownFileType = sourcecode.cpp.cpp; name = PluginEditor.cpp; path = ../../Source/PluginEditor.cpp; sourceTree = SOURCE_ROOT; };
		BC43D25503BBF744561332BB /* CoreAudio.framework */ /* CoreAudio.framework */ = {isa = PBXFileReference; lastKnownFileType = wrapper.framework; name = CoreAudio.framework; path = System/Library/Frameworks/CoreAudio.framework; sourceTree = SDKROOT; };
		C172618C5FE40E61CE521B8E /* juce_core */ /* juce_core */ = {isa = PBXFileReference; lastKnownFileType = folder; name = juce_core; path = "~/JUCE/modules/juce_core"; sourceTree = "<absolute>"; };
		CA87A2E36FC5BA2685FC2721 /* zen_memory.h */ /* zen_memory.h */ = {isa = PBXFileReference; lastKnownFileType = sourcecode.c.h; name = zen_memory.h; path = ../../../../../zenlib/utils/zen_memory.h; sourceTree = SOURCE_ROOT; };
		CC14D558D026B8897BFB483C /* zen_math.h */ /* zen_math.h */ = {isa = PBXFileReference; lastKnownFileType = sourcecode.c.h; name = zen_math.h; path = ../../../../../zenlib/dsp/zen_math.h; sourceTree = SOURCE_ROOT; };
		CFFFACFD5B08202EE5A47D06 /* juce_graphics */ /* juce_graphics */ = {isa = PBXFileReference; lastKnownFileType = folder; name = juce_graphics; path = "~/JUCE/modules/juce_graphics"; sourceTree = "<absolute>"; };
		D1398EE7BFE93B758749B73A /* juce_audio_utils */ /* juce_audio_utils */ = {isa = PBXFileReference; lastKnownFileType = folder; name = juce_audio_utils; path = "~/JUCE/modules/juce_audio_utils"; sourceTree = "<absolute>"; };
		D4C3DE7EEE9FDF78B092A983 /* AudioToolbox.framework */ /* AudioToolbox.framework */ = {isa = PBXFileReference; lastKnownFileType = wrapper.framework; name = AudioToolbox.framework; path = System/Library/Frameworks/AudioToolbox.framework; sourceTree = SDKROOT; };
		D58C28B88FD893F62189D7B0 /* zen_filters.h */ /* zen_filters.h */ = {isa = PBXFileReference; lastKnownFileType = sourcecode.c.h; name = zen_filters.h; path = ../../../../../zenlib/blocks/zen_filters.h; sourceTree = SOURCE_ROOT; };
		D7EEA09307C4560F36B25339 /* LICENSE */ /* LICENSE */ = {isa = PBXFileReference; lastKnownFileType = file; name = LICENSE; path = ../../../../../zenlib/LICENSE; sourceTree = SOURCE_ROOT; };
		DA3DA1C24F3340A218B27E6E /* PluginProcessor.h */ /* PluginProcessor.h */ = {isa = PBXFileReference; lastKnownFileType = sourcecode.c.h; name = PluginProcessor.h; path = ../../Source/PluginProcessor.h; sourceTree = SOURCE_ROOT; };
		DB52E9A20C9530064746B0C8 /* include_juce_cryptography.mm */ /* include_juce_cryptography.mm */ = {isa = PBXFileReference; lastKnownFileType = sourcecode.cpp.objcpp; name = include_juce_cryptography.mm; path = ../../JuceLibraryCode/include_juce_cryptography.mm; sourceTree = SOURCE_ROOT; };
		E43ED20288EFA8C67B554C1F /* App.cpp */ /* App.cpp */ = {isa = PBXFileReference; lastKnownFileType = sourcecode.cpp.cpp; name = App.cpp; path = ../../../../App.cpp; sourceTree = SOURCE_ROOT; };
		E4BA9598DA076625D9E134D7 /* zen_fader.h */ /* zen_fader.h */ = {isa = PBXFileReference; lastKnownFileType = sourcecode.c.h; name = zen_fader.h; path = ../../../../../zenlib/blocks/zen_fader.h; sourceTree = SOURCE_ROOT; };
		E6D84C657F070A26C785314D /* WebKit.framework */ /* WebKit.framework */ = {isa = PBXFileReference; lastKnownFileType = wrapper.framework; name = WebKit.framework; path = System/Library/Frameworks/WebKit.framework; sourceTree = SDKROOT; };
		E736FF6A5B5EA10838A317E5 /* zen_delay.h */ /* zen_delay.h */ = {isa = PBXFileReference; lastKnownFileType = sourcecode.c.h; name = zen_delay.h; path = ../../../../../zenlib/blocks/zen_delay.h; sourceTree = SOURCE_ROOT; };
		E88B392240B41C30545F64AF /* zen_fader.c */ /* zen_fader.c */ = {isa = PBXFileReference; lastKnownFileType = sourcecode.c.c; name = zen_fader.c; path = ../../../../../zenlib/blocks/zen_fader.c; sourceTree = SOURCE_ROOT; };
		ED4FE8D63A75FB8594DD433F /* zen_interpolator.h */ /* zen_interpolator.h */ = {isa = PBXFileReference; lastKnownFileType = sourcecode.c.h; name = zen_interpolator.h; path = ../../../../../zenlib/dsp/zen_interpolator.h; sourceTree = SOURCE_ROOT; };
		EDEEB6BD10AAF09167E1D630 /* include_juce_audio_utils.mm */ /* include_juce_audio_utils.mm */ = {isa = PBXFileReference; lastKnownFileType = sourcecode.cpp.objcpp; name = include_juce_audio_utils.mm; path = ../../JuceLibraryCode/include_juce_audio_utils.mm; sourceTree = SOURCE_ROOT; };
		F387FFCA94D861B6FE2B44DE /* zen_mixer.c */ /* zen_mixer.c */ = {isa = PBXFileReference; lastKnownFileType = sourcecode.c.c; name = zen_mixer.c; path = ../../../../../zenlib/blocks/zen_mixer.c; sourceTree = SOURCE_ROOT; };
		F896305D266A197A39FA4248 /* include_juce_audio_plugin_client_Standalone.cpp */ /* include_juce_audio_plugin_client_Standalone.cpp */ = {isa = PBXFileReference; lastKnownFileType = sourcecode.cpp.cpp; name = include_juce_audio_plugin_client_Standalone.cpp; path = ../../JuceLibraryCode/include_juce_audio_plugin_client_Standalone.cpp; sourceTree = SOURCE_ROOT; };
		F98B203B6F29FC404593B3F2 /* zen_circular_buffer.h */ /* zen_circular_buffer.h */ = {isa = PBXFileReference; lastKnownFileType = sourcecode.c.h; name = zen_circular_buffer.h; path = ../../../../../zenlib/utils/zen_circular_buffer.h; sourceTree = SOURCE_ROOT; };
		FB8AEFE83884DFE3F3E55799 /* zen_modulation.h */ /* zen_modulation.h */ = {isa = PBXFileReference; lastKnownFileType = sourcecode.c.h; name = zen_modulation.h; path = ../../../../../zenlib/blocks/zen_modulation.h; sourceTree = SOURCE_ROOT; };
/* End PBXFileReference section */

/* Begin PBXFrameworksBuildPhase section */
		ACEE614998B2840F0090D699 = {
			isa = PBXFrameworksBuildPhase;
			buildActionMask = 2147483647;
			files = (
				B5C0BF4A407766099282BE3A,
				1216FC02EE4B87FBCD3F1969,
				18701FA8CCA3A575D594B833,
				C6478BD80F0478BE9FC035EC,
				724E8DDA8698FB03B3A376CA,
				44F97E98B536E899E770820E,
				8DAF123E359256289C4A3BAF,
				D42BCCCA839152E34FB8B4AE,
				600452722658F06FD337B57B,
				3756FED206F6D92362F162B0,
				D69BD0AE0E019FBCEFAD0C48,
				55C1FF93B206F9D09EDA8877,
				FBE5F20CE3A3D0B9192CD394,
				7B436A9BA125B02180B750AE,
				FCF92E1A93F7FB7117DC56E4,
				6773B2DF5D085D75E75BB601,
				54C6777BC42EAEAA22E4A360,
			);
			runOnlyForDeploymentPostprocessing = 0;
		};
/* End PBXFrameworksBuildPhase section */

/* Begin PBXGroup section */
		179C3033A6491B572CCFE3A3 /* Source */ = {
			isa = PBXGroup;
			children = (
				C2D5F932B1A26D8C4BC88592,
				E43ED20288EFA8C67B554C1F,
				983BC1D6EBDCED2485DBD13E,
				9E9322EBC360FED929995316,
				371ABE2E362653961699357D,
				4080EEF3C985B9FE00C74F35,
			);
			name = Source;
			sourceTree = "<group>";
		};
		4FFA49177A26F506323A400C /* JUCE Modules */ = {
			isa = PBXGroup;
			children = (
				368FAE514D22FF3BE327F843,
				6889530DC0AE278C1DBF2BF7,
				78AF9C1EAD9A953A154EFA81,
				4FAB1FA6B4094EBE93C868F0,
				3452815E8EDC084F761066E7,
				D1398EE7BFE93B758749B73A,
				C172618C5FE40E61CE521B8E,
				8266FD22513ED386343BC743,
				741DCFB7DF6F7C484CE408D6,
				AF1DF4ADA2A45F10146E39C1,
				23F375AD42DA1A34A505E658,
				CFFFACFD5B08202EE5A47D06,
				ADF1246985BCDF6AEF25C349,
				A5EA213383E6A69C8160AF6A,
				1B08BC892A1A11F888AC9A6D,
				15D46B7CB6A6C563F85C215E,
			);
			name = "JUCE Modules";
			sourceTree = "<group>";
		};
		654060997D874A9D939440B8 /* Zen Delay Plugin */ = {
			isa = PBXGroup;
			children = (
				179C3033A6491B572CCFE3A3,
				E0058593CC60549C9938AF0E,
			);
			name = "Zen Delay Plugin";
			sourceTree = "<group>";
		};
		6D69F9C899915E88ADF39FA3 /* dsp */ = {
			isa = PBXGroup;
			children = (
				002B2E23CF191BFBC960F9DB,
				8630A7F83D56373B1242D620,
				ED4FE8D63A75FB8594DD433F,
				CC14D558D026B8897BFB483C,
			);
			name = dsp;
			sourceTree = "<group>";
		};
		86DD9A9EBDED16F4D34F04F0 /* Resources */ = {
			isa = PBXGroup;
			children = (
				7D88A02E53C22BA71DD3798A,
				21856BDC8B83F0E69711246A,
				20B2F38D3834846C6CB0EC2B,
			);
			name = Resources;
			sourceTree = "<group>";
		};
		9B0B8AA774B867E33E47E9CB /* utils */ = {
			isa = PBXGroup;
			children = (
				8FA51734C4E14ECC24D82B59,
				F98B203B6F29FC404593B3F2,
				6045360026A4140C3FA24776,
				4896B982DDF8DE722B40887C,
				4512970327526C450F6D894F,
				CA87A2E36FC5BA2685FC2721,
			);
			name = utils;
			sourceTree = "<group>";
		};
		9B58BB6F362098E6C2CBE45A /* Products */ = {
			isa = PBXGroup;
			children = (
				691D3DA2FB1534FEF0F1A4F7,
				A810512FE4F6CB3D86365DEA,
			);
			name = Products;
			sourceTree = "<group>";
		};
		A9BA8198E0CC92B48FA8464E /* blocks */ = {
			isa = PBXGroup;
			children = (
				1AC7A090F41F9BED7392C4FE,
				77C9868D068EE8E905E330F4,
				034DAA41FADA97E34FC4BE5C,
				51FFB189148DDE79A443F60B,
				B213F44655BA9CAB393B5D89,
				29F833F46587650282221680,
				AC02AD16C897731A6F0DAE30,
				E736FF6A5B5EA10838A317E5,
				9FD2ECD9AF1E9588577C821B,
				44BF4C24877A2E637E2FA899,
				E88B392240B41C30545F64AF,
				E4BA9598DA076625D9E134D7,
				083B31EE556DFF16082AB7C6,
				D58C28B88FD893F62189D7B0,
				F387FFCA94D861B6FE2B44DE,
				35D8AD0B9C329FBAB8B5A8ED,
				10485AAC4E5168FB73BD8C86,
				FB8AEFE83884DFE3F3E55799,
				71A5BBFBF4C78C58C92F4CF5,
				004201753D931A97468F799A,
				0620784BAEBEEDF017D19CCC,
				A9A470B4D0C80ABC91E8E883,
				74A7B9724AC8122A50791A6D,
				6FFCC3ECF90D0C4BA013A392,
				1DE2341EF5A9865090FA056F,
			);
			name = blocks;
			sourceTree = "<group>";
		};
		C2D5F932B1A26D8C4BC88592 /* Wrapper */ = {
			isa = PBXGroup;
			children = (
				4CEC84F01E5D28B38C8AFDBA,
				2E0B37C154BCB8885B712C35,
				B032F73DC7B2E77C7AEC5432,
				19A742736B41FDD7EC76D86A,
				DA3DA1C24F3340A218B27E6E,
				18F469115F89863516BE86BC,
				644E9B044E19BA6F0A060B75,
				BBAF29EE74FB1815F3235DFA,
			);
			name = Wrapper;
			sourceTree = "<group>";
		};
		D59B989FA35A6F4A3D32BC09 /* JUCE Library Code */ = {
			isa = PBXGroup;
			children = (
				7A3B8E19E000A7A4B7DD7C44,
				84CD0F49D60904949E37C23F,
				27E392DF358F039F1043C411,
				5EF0F933DB9358ADBAF2FC99,
				86EE36EDADDECAA12E7424BD,
				9906AA6F89905D62DECCF6CD,
				F896305D266A197A39FA4248,
				6C81E61C80496614A178854D,
				29468D288C7F83A4DC6A4768,
				90B65B7356ED20CDE1E41E72,
				EDEEB6BD10AAF09167E1D630,
				7300FCF182C12A53375D80BC,
				DB52E9A20C9530064746B0C8,
				2D3DC12554D0AF5C85AA6A66,
				07CD58703B588A8C2795F112,
				8D88B3DFFFD690D985DD4531,
				300CB436584205513E021D9C,
				A31C7380FB7A820B36691533,
				9E8F106C4DCBD55B48E54D99,
				3EB084EFCDCB5A6345AB3DD3,
				8B9613C966CC375CEE8C1ED5,
				3B7560A2848C7A5E6CC6C7BE,
				44B766C28C4F44C59B84F472,
			);
			name = "JUCE Library Code";
			sourceTree = "<group>";
		};
		E0058593CC60549C9938AF0E /* zenlib */ = {
			isa = PBXGroup;
			children = (
				A9BA8198E0CC92B48FA8464E,
				6D69F9C899915E88ADF39FA3,
				9B0B8AA774B867E33E47E9CB,
				081765856A939EE0528E21BB,
				D7EEA09307C4560F36B25339,
				433DE0BA18D46741273E89B7,
				5B01C5D3FC962B4141BAD119,
			);
			name = zenlib;
			sourceTree = "<group>";
		};
		E8133F6335F35E4D8F81AE05 /* Source */ = {
			isa = PBXGroup;
			children = (
				654060997D874A9D939440B8,
				4FFA49177A26F506323A400C,
				D59B989FA35A6F4A3D32BC09,
				86DD9A9EBDED16F4D34F04F0,
				EBE9804C0E1E03B79662C5DB,
				9B58BB6F362098E6C2CBE45A,
			);
			name = Source;
			sourceTree = "<group>";
		};
		EBE9804C0E1E03B79662C5DB /* Frameworks */ = {
			isa = PBXGroup;
			children = (
				4A87F119D8D96583AD5906FA,
				D4C3DE7EEE9FDF78B092A983,
				3ED95C28EAC3C3F110E09D1D,
				77DADB3105A3CFB64BE87200,
				BC43D25503BBF744561332BB,
				9B7FB7BD0356BA1801572423,
				31A402578FB9DF9162D0A2AE,
				7459A4D17DE85FC946CC70A0,
				2C7CD9EAAD3E2A428D9684F7,
				37CE5ED9AE70FABA5701E06C,
				80965EE9116F35BFD7D4E831,
				67B342588EE92B2CD7BB4E34,
				883EFA6E6FA886473E385AD7,
				843F5E3EDB76A6A7ED88A536,
				A02CE6774629795DA35BE4FB,
				9B20EF2878EA8500C0196ADD,
				E6D84C657F070A26C785314D,
			);
			name = Frameworks;
			sourceTree = "<group>";
		};
/* End PBXGroup section */

/* Begin PBXNativeTarget section */
		5D7C456B0368AA9533D8911C /* Zen Delay Plugin - Shared Code */ = {
			isa = PBXNativeTarget;
			buildConfigurationList = 1930D53971389744152980FA;
			buildPhases = (
				34EF69715757D8C9AE5B2BD8,
			);
			buildRules = (
			);
			dependencies = (
			);
			name = "Zen Delay Plugin - Shared Code";
			productName = "Zen Delay Plugin";
			productReference = A810512FE4F6CB3D86365DEA;
			productType = "com.apple.product-type.library.static";
		};
		FD2A7A705EDA702DB6C64BF9 /* Zen Delay Plugin - Standalone Plugin */ = {
			isa = PBXNativeTarget;
			buildConfigurationList = 911BEA3B2AF9FAACADAF58E3;
			buildPhases = (
				6B1BC9AB348220F44F7EEC8D,
				15CEE49799DA191DC91926B7,
				ACEE614998B2840F0090D699,
			);
			buildRules = (
			);
			dependencies = (
				EC3CD8CD0F622A3D8B1A61A4,
			);
			name = "Zen Delay Plugin - Standalone Plugin";
			productName = "Zen Delay Plugin";
			productReference = 691D3DA2FB1534FEF0F1A4F7;
			productType = "com.apple.product-type.application";
		};
/* End PBXNativeTarget section */

/* Begin PBXProject section */
		6DFDA17080A9F446794D5D4B = {
			isa = PBXProject;
			attributes = {
				LastUpgradeCheck = 1240;
				ORGANIZATIONNAME = "Tim Pechersky aka peersky";
				TargetAttributes = {
					1322946847D323D413120CC1 = {
						DevelopmentTeam = QY96HSP2FJ;
						ProvisioningStyle = Automatic;
						SystemCapabilities = {
							com.apple.ApplicationGroups.iOS = {
								enabled = 0;
							};
							com.apple.HardenedRuntime = {
								enabled = 0;
							};
							com.apple.InAppPurchase = {
								enabled = 0;
							};
							com.apple.InterAppAudio = {
								enabled = 0;
							};
							com.apple.Push = {
								enabled = 0;
							};
							com.apple.Sandbox = {
								enabled = 0;
							};
						};
					};
					5D7C456B0368AA9533D8911C = {
						DevelopmentTeam = QY96HSP2FJ;
						ProvisioningStyle = Automatic;
						SystemCapabilities = {
							com.apple.ApplicationGroups.iOS = {
								enabled = 0;
							};
							com.apple.HardenedRuntime = {
								enabled = 0;
							};
							com.apple.InAppPurchase = {
								enabled = 0;
							};
							com.apple.InterAppAudio = {
								enabled = 0;
							};
							com.apple.Push = {
								enabled = 0;
							};
							com.apple.Sandbox = {
								enabled = 0;
							};
						};
					};
					FD2A7A705EDA702DB6C64BF9 = {
						DevelopmentTeam = QY96HSP2FJ;
						ProvisioningStyle = Automatic;
						SystemCapabilities = {
							com.apple.ApplicationGroups.iOS = {
								enabled = 0;
							};
							com.apple.HardenedRuntime = {
								enabled = 0;
							};
							com.apple.InAppPurchase = {
								enabled = 0;
							};
							com.apple.InterAppAudio = {
								enabled = 0;
							};
							com.apple.Push = {
								enabled = 0;
							};
							com.apple.Sandbox = {
								enabled = 0;
							};
						};
					};
				};
			};
			buildConfigurationList = C50F7A3399675EF31D798A62;
			compatibilityVersion = "Xcode 3.2";
			hasScannedForEncodings = 0;
			knownRegions = (
				en,
				Base,
			);
			mainGroup = E8133F6335F35E4D8F81AE05;
			projectDirPath = "";
			projectRoot = "";
			targets = (
				1322946847D323D413120CC1,
				FD2A7A705EDA702DB6C64BF9,
				5D7C456B0368AA9533D8911C,
			);
		};
/* End PBXProject section */

/* Begin PBXResourcesBuildPhase section */
		6B1BC9AB348220F44F7EEC8D = {
			isa = PBXResourcesBuildPhase;
			buildActionMask = 2147483647;
			files = (
				49E9B6BCAB37B85A599132CD,
				9818F3DA6863E999429F33CA,
			);
			runOnlyForDeploymentPostprocessing = 0;
		};
/* End PBXResourcesBuildPhase section */

/* Begin PBXSourcesBuildPhase section */
		15CEE49799DA191DC91926B7 = {
			isa = PBXSourcesBuildPhase;
			buildActionMask = 2147483647;
			files = (
				62C62B1347D26A14DD94C620,
			);
			runOnlyForDeploymentPostprocessing = 0;
		};
		34EF69715757D8C9AE5B2BD8 = {
			isa = PBXSourcesBuildPhase;
			buildActionMask = 2147483647;
			files = (
				662B81F1E6B7CCAEE68A6071,
				C8263B08A180CBC6F7D25D15,
				63289256A867BCF46D230DC4,
				B6E457E0AC75B3F9C2454C33,
				A0AA6D943E4FE28E71406F5B,
				E46B0A02955CA7E0F2FCC7B2,
				72963AC19798820704DA11CA,
				A0D29306D94AC0E2E93F2C1B,
				0CAB729D37C82A322C1A0C4C,
				FF03E1847822DFC72C983799,
				257BB23CBAE55D8AD1B6BFB6,
				99CF5C370067AFECE3325927,
				23E347F5E45749F48BE4BA0A,
				14ADEA9EF8E395A3ABEF7DC7,
				0EFAA49E3309D2D539AB0322,
				FA44AB96697E149D4A611E15,
				A972CC6AF3C86020C97EC721,
				9FB113D82D1A5D34E30A7E22,
				9BF7E87CA1FF93EBA87803CB,
				BF389104288CF713683CA0C6,
				E49C10523CE35360371AF2BE,
				5C4BEC0E1F267236E4E4446D,
				BBEFF8E5C01F8CD50AD801BB,
				82835C07B8A35382EEBA2577,
				DC940AFB0F70DCF6ACBCE8B7,
				51BAB5C6EE36EB0C53881D7D,
			);
			runOnlyForDeploymentPostprocessing = 0;
		};
/* End PBXSourcesBuildPhase section */

/* Begin PBXTargetDependency section */
		A27402059E15DF3900EEB409 = {
			isa = PBXTargetDependency;
			target = FD2A7A705EDA702DB6C64BF9;
		};
		DCADEF0AB77A4EB29031FDCE = {
			isa = PBXTargetDependency;
			target = 5D7C456B0368AA9533D8911C;
		};
		EC3CD8CD0F622A3D8B1A61A4 = {
			isa = PBXTargetDependency;
			target = 5D7C456B0368AA9533D8911C;
		};
/* End PBXTargetDependency section */

/* Begin XCBuildConfiguration section */
		2FBCC90B16F562BBCBFE564E /* Release */ = {
			isa = XCBuildConfiguration;
			buildSettings = {
				"CODE_SIGN_IDENTITY[sdk=iphoneos*]" = "iPhone Developer";
				ASSETCATALOG_COMPILER_APPICON_NAME = AppIcon;
				CLANG_CXX_LANGUAGE_STANDARD = "c++17";
				CLANG_CXX_LIBRARY = "libc++";
				CLANG_LINK_OBJC_RUNTIME = NO;
				COMBINE_HIDPI_IMAGES = YES;
				CONFIGURATION_BUILD_DIR = "$(PROJECT_DIR)/build/$(CONFIGURATION)";
				DEAD_CODE_STRIPPING = YES;
				DEVELOPMENT_TEAM = QY96HSP2FJ;
				GCC_GENERATE_DEBUGGING_SYMBOLS = NO;
				GCC_OPTIMIZATION_LEVEL = 3;
				GCC_PREPROCESSOR_DEFINITIONS = (
					"_NDEBUG=1",
					"NDEBUG=1",
					"JUCE_CONTENT_SHARING=1",
					"JUCER_XCODE_IPHONE_5BC26AE3=1",
					"JUCE_APP_VERSION=0.0.1",
					"JUCE_APP_VERSION_HEX=0x1",
					"JucePlugin_Build_VST=0",
					"JucePlugin_Build_VST3=0",
					"JucePlugin_Build_AU=0",
					"JucePlugin_Build_AUv3=0",
					"JucePlugin_Build_RTAS=0",
					"JucePlugin_Build_AAX=0",
					"JucePlugin_Build_Standalone=1",
					"JucePlugin_Build_Unity=0",
					"JUCE_SHARED_CODE=1",
				);
				GCC_VERSION = com.apple.compilers.llvm.clang.1_0;
				HEADER_SEARCH_PATHS = (
					"$(SRCROOT)/../../JuceLibraryCode",
					"$(HOME)/JUCE/modules",
					"$(HOME)/JUCE/modules/juce_audio_plugin_client",
					"$(inherited)",
				);
				INSTALL_PATH = "@executable_path/Frameworks";
				LLVM_LTO = YES;
				MTL_HEADER_SEARCH_PATHS = "$(SRCROOT)/../../JuceLibraryCode $(HOME)/JUCE/modules $(HOME)/JUCE/modules/juce_audio_plugin_client";
				PRODUCT_BUNDLE_IDENTIFIER = com.peersky.ZEN;
				PRODUCT_NAME = "LEAF";
				PROVISIONING_PROFILE_SPECIFIER = "";
				SKIP_INSTALL = YES;
				USE_HEADERMAP = NO;
				VALIDATE_WORKSPACE_SKIPPED_SDK_FRAMEWORKS = OpenGLES;
			};
			name = Release;
		};
		407663599ACA81FAADD553BF /* Debug */ = {
			isa = XCBuildConfiguration;
			buildSettings = {
				"CODE_SIGN_IDENTITY[sdk=iphoneos*]" = "iPhone Developer";
				ASSETCATALOG_COMPILER_APPICON_NAME = AppIcon;
				CLANG_CXX_LANGUAGE_STANDARD = "c++17";
				CLANG_CXX_LIBRARY = "libc++";
				CLANG_LINK_OBJC_RUNTIME = NO;
				COMBINE_HIDPI_IMAGES = YES;
				CONFIGURATION_BUILD_DIR = "$(PROJECT_DIR)/build/$(CONFIGURATION)";
				COPY_PHASE_STRIP = NO;
				DEVELOPMENT_TEAM = QY96HSP2FJ;
				GCC_DYNAMIC_NO_PIC = NO;
				GCC_OPTIMIZATION_LEVEL = 0;
				GCC_PREPROCESSOR_DEFINITIONS = (
					"_DEBUG=1",
					"DEBUG=1",
					"JUCE_CONTENT_SHARING=1",
					"JUCER_XCODE_IPHONE_5BC26AE3=1",
					"JUCE_APP_VERSION=0.0.1",
					"JUCE_APP_VERSION_HEX=0x1",
					"JucePlugin_Build_VST=0",
					"JucePlugin_Build_VST3=0",
					"JucePlugin_Build_AU=0",
					"JucePlugin_Build_AUv3=0",
					"JucePlugin_Build_RTAS=0",
					"JucePlugin_Build_AAX=0",
					"JucePlugin_Build_Standalone=0",
					"JucePlugin_Build_Unity=0",
				);
				GCC_VERSION = com.apple.compilers.llvm.clang.1_0;
				HEADER_SEARCH_PATHS = (
					"$(SRCROOT)/../../JuceLibraryCode",
					"$(HOME)/JUCE/modules",
					"$(HOME)/JUCE/modules/juce_audio_plugin_client",
					"$(inherited)",
				);
				MTL_HEADER_SEARCH_PATHS = "$(SRCROOT)/../../JuceLibraryCode $(HOME)/JUCE/modules $(HOME)/JUCE/modules/juce_audio_plugin_client";
				OTHER_LDFLAGS = "-lLEAF";
				PRODUCT_BUNDLE_IDENTIFIER = com.peersky.ZEN;
				PRODUCT_NAME = "LEAF";
				PROVISIONING_PROFILE_SPECIFIER = "";
				USE_HEADERMAP = NO;
				VALIDATE_WORKSPACE_SKIPPED_SDK_FRAMEWORKS = OpenGLES;
			};
			name = Debug;
		};
		4F44D44F22881DC34AE6B961 /* Debug */ = {
			isa = XCBuildConfiguration;
			buildSettings = {
				"CODE_SIGN_IDENTITY[sdk=iphoneos*]" = "iPhone Developer";
				ASSETCATALOG_COMPILER_APPICON_NAME = AppIcon;
				CLANG_CXX_LANGUAGE_STANDARD = "c++17";
				CLANG_CXX_LIBRARY = "libc++";
				CLANG_LINK_OBJC_RUNTIME = NO;
				COMBINE_HIDPI_IMAGES = YES;
				CONFIGURATION_BUILD_DIR = "$(PROJECT_DIR)/build/$(CONFIGURATION)";
				COPY_PHASE_STRIP = NO;
				DEVELOPMENT_TEAM = QY96HSP2FJ;
				GCC_DYNAMIC_NO_PIC = NO;
				GCC_OPTIMIZATION_LEVEL = 0;
				GCC_PREPROCESSOR_DEFINITIONS = (
					"_DEBUG=1",
					"DEBUG=1",
					"JUCE_CONTENT_SHARING=1",
					"JUCER_XCODE_IPHONE_5BC26AE3=1",
					"JUCE_APP_VERSION=0.0.1",
					"JUCE_APP_VERSION_HEX=0x1",
					"JucePlugin_Build_VST=0",
					"JucePlugin_Build_VST3=0",
					"JucePlugin_Build_AU=0",
					"JucePlugin_Build_AUv3=0",
					"JucePlugin_Build_RTAS=0",
					"JucePlugin_Build_AAX=0",
					"JucePlugin_Build_Standalone=1",
					"JucePlugin_Build_Unity=0",
				);
				GCC_VERSION = com.apple.compilers.llvm.clang.1_0;
				HEADER_SEARCH_PATHS = (
					"$(SRCROOT)/../../JuceLibraryCode",
					"$(HOME)/JUCE/modules",
					"$(HOME)/JUCE/modules/juce_audio_plugin_client",
					"$(inherited)",
				);
				INFOPLIST_FILE = Info-Standalone_Plugin.plist;
				INFOPLIST_PREPROCESS = NO;
				MTL_HEADER_SEARCH_PATHS = "$(SRCROOT)/../../JuceLibraryCode $(HOME)/JUCE/modules $(HOME)/JUCE/modules/juce_audio_plugin_client";
				OTHER_LDFLAGS = "-lLEAF";
				PRODUCT_BUNDLE_IDENTIFIER = com.peersky.ZEN;
				PRODUCT_NAME = "LEAF";
				PROVISIONING_PROFILE_SPECIFIER = "";
				USE_HEADERMAP = NO;
				VALIDATE_WORKSPACE_SKIPPED_SDK_FRAMEWORKS = OpenGLES;
			};
			name = Debug;
		};
		5BE38CE21C141AAAF27CC584 /* Release */ = {
			isa = XCBuildConfiguration;
			buildSettings = {
				"CODE_SIGN_IDENTITY[sdk=iphoneos*]" = "iPhone Developer";
				ALWAYS_SEARCH_USER_PATHS = NO;
				CLANG_ENABLE_OBJC_WEAK = YES;
				CLANG_WARN_BLOCK_CAPTURE_AUTORELEASING = YES;
				CLANG_WARN_BOOL_CONVERSION = YES;
				CLANG_WARN_COMMA = YES;
				CLANG_WARN_CONSTANT_CONVERSION = YES;
				CLANG_WARN_DEPRECATED_OBJC_IMPLEMENTATIONS = YES;
				CLANG_WARN_EMPTY_BODY = YES;
				CLANG_WARN_ENUM_CONVERSION = YES;
				CLANG_WARN_INFINITE_RECURSION = YES;
				CLANG_WARN_INT_CONVERSION = YES;
				CLANG_WARN_NON_LITERAL_NULL_CONVERSION = YES;
				CLANG_WARN_OBJC_IMPLICIT_RETAIN_SELF = YES;
				CLANG_WARN_OBJC_LITERAL_CONVERSION = YES;
				CLANG_WARN_RANGE_LOOP_ANALYSIS = YES;
				CLANG_WARN_STRICT_PROTOTYPES = YES;
				CLANG_WARN_SUSPICIOUS_MOVE = YES;
				CLANG_WARN_UNREACHABLE_CODE = YES;
				CLANG_WARN__DUPLICATE_METHOD_MATCH = YES;
				DEBUG_INFORMATION_FORMAT = dwarf;
				ENABLE_STRICT_OBJC_MSGSEND = YES;
				ENABLE_TESTABILITY = NO;
				GCC_C_LANGUAGE_STANDARD = c11;
				GCC_INLINES_ARE_PRIVATE_EXTERN = YES;
				GCC_MODEL_TUNING = G5;
				GCC_NO_COMMON_BLOCKS = YES;
				GCC_SYMBOLS_PRIVATE_EXTERN = YES;
				GCC_WARN_64_TO_32_BIT_CONVERSION = YES;
				GCC_WARN_ABOUT_RETURN_TYPE = YES;
				GCC_WARN_CHECK_SWITCH_STATEMENTS = YES;
				GCC_WARN_MISSING_PARENTHESES = YES;
				GCC_WARN_NON_VIRTUAL_DESTRUCTOR = YES;
				GCC_WARN_TYPECHECK_CALLS_TO_PRINTF = YES;
				GCC_WARN_UNDECLARED_SELECTOR = YES;
				GCC_WARN_UNINITIALIZED_AUTOS = YES;
				GCC_WARN_UNUSED_FUNCTION = YES;
				GCC_WARN_UNUSED_VARIABLE = YES;
				IPHONEOS_DEPLOYMENT_TARGET = 9.3;
				PRODUCT_NAME = "LEAF";
				SDKROOT = iphoneos;
				TARGETED_DEVICE_FAMILY = "1,2";
				WARNING_CFLAGS = "-Wreorder";
				ZERO_LINK = NO;
			};
			name = Release;
		};
		A9263BBEB722FFC765A449CA /* Release */ = {
			isa = XCBuildConfiguration;
			buildSettings = {
				"CODE_SIGN_IDENTITY[sdk=iphoneos*]" = "iPhone Developer";
				ASSETCATALOG_COMPILER_APPICON_NAME = AppIcon;
				CLANG_CXX_LANGUAGE_STANDARD = "c++17";
				CLANG_CXX_LIBRARY = "libc++";
				CLANG_LINK_OBJC_RUNTIME = NO;
				COMBINE_HIDPI_IMAGES = YES;
				CONFIGURATION_BUILD_DIR = "$(PROJECT_DIR)/build/$(CONFIGURATION)";
				DEAD_CODE_STRIPPING = YES;
				DEVELOPMENT_TEAM = QY96HSP2FJ;
				GCC_GENERATE_DEBUGGING_SYMBOLS = NO;
				GCC_OPTIMIZATION_LEVEL = 3;
				GCC_PREPROCESSOR_DEFINITIONS = (
					"_NDEBUG=1",
					"NDEBUG=1",
					"JUCE_CONTENT_SHARING=1",
					"JUCER_XCODE_IPHONE_5BC26AE3=1",
					"JUCE_APP_VERSION=0.0.1",
					"JUCE_APP_VERSION_HEX=0x1",
					"JucePlugin_Build_VST=0",
					"JucePlugin_Build_VST3=0",
					"JucePlugin_Build_AU=0",
					"JucePlugin_Build_AUv3=0",
					"JucePlugin_Build_RTAS=0",
					"JucePlugin_Build_AAX=0",
					"JucePlugin_Build_Standalone=1",
					"JucePlugin_Build_Unity=0",
				);
				GCC_VERSION = com.apple.compilers.llvm.clang.1_0;
				HEADER_SEARCH_PATHS = (
					"$(SRCROOT)/../../JuceLibraryCode",
					"$(HOME)/JUCE/modules",
					"$(HOME)/JUCE/modules/juce_audio_plugin_client",
					"$(inherited)",
				);
				INFOPLIST_FILE = Info-Standalone_Plugin.plist;
				INFOPLIST_PREPROCESS = NO;
				LLVM_LTO = YES;
				MTL_HEADER_SEARCH_PATHS = "$(SRCROOT)/../../JuceLibraryCode $(HOME)/JUCE/modules $(HOME)/JUCE/modules/juce_audio_plugin_client";
				OTHER_LDFLAGS = "-lLEAF";
				PRODUCT_BUNDLE_IDENTIFIER = com.peersky.ZEN;
				PRODUCT_NAME = "LEAF";
				PROVISIONING_PROFILE_SPECIFIER = "";
				USE_HEADERMAP = NO;
				VALIDATE_WORKSPACE_SKIPPED_SDK_FRAMEWORKS = OpenGLES;
			};
			name = Release;
		};
		BC8ECF0FF637F7311CCECF55 /* Debug */ = {
			isa = XCBuildConfiguration;
			buildSettings = {
				"CODE_SIGN_IDENTITY[sdk=iphoneos*]" = "iPhone Developer";
				ASSETCATALOG_COMPILER_APPICON_NAME = AppIcon;
				CLANG_CXX_LANGUAGE_STANDARD = "c++17";
				CLANG_CXX_LIBRARY = "libc++";
				CLANG_LINK_OBJC_RUNTIME = NO;
				COMBINE_HIDPI_IMAGES = YES;
				CONFIGURATION_BUILD_DIR = "$(PROJECT_DIR)/build/$(CONFIGURATION)";
				COPY_PHASE_STRIP = NO;
				DEVELOPMENT_TEAM = QY96HSP2FJ;
				GCC_DYNAMIC_NO_PIC = NO;
				GCC_OPTIMIZATION_LEVEL = 0;
				GCC_PREPROCESSOR_DEFINITIONS = (
					"_DEBUG=1",
					"DEBUG=1",
					"JUCE_CONTENT_SHARING=1",
					"JUCER_XCODE_IPHONE_5BC26AE3=1",
					"JUCE_APP_VERSION=0.0.1",
					"JUCE_APP_VERSION_HEX=0x1",
					"JucePlugin_Build_VST=0",
					"JucePlugin_Build_VST3=0",
					"JucePlugin_Build_AU=0",
					"JucePlugin_Build_AUv3=0",
					"JucePlugin_Build_RTAS=0",
					"JucePlugin_Build_AAX=0",
					"JucePlugin_Build_Standalone=1",
					"JucePlugin_Build_Unity=0",
					"JUCE_SHARED_CODE=1",
				);
				GCC_VERSION = com.apple.compilers.llvm.clang.1_0;
				HEADER_SEARCH_PATHS = (
					"$(SRCROOT)/../../JuceLibraryCode",
					"$(HOME)/JUCE/modules",
					"$(HOME)/JUCE/modules/juce_audio_plugin_client",
					"$(inherited)",
				);
				INSTALL_PATH = "@executable_path/Frameworks";
				MTL_HEADER_SEARCH_PATHS = "$(SRCROOT)/../../JuceLibraryCode $(HOME)/JUCE/modules $(HOME)/JUCE/modules/juce_audio_plugin_client";
				PRODUCT_BUNDLE_IDENTIFIER = com.peersky.ZEN;
				PRODUCT_NAME = "LEAF";
				PROVISIONING_PROFILE_SPECIFIER = "";
				SKIP_INSTALL = YES;
				USE_HEADERMAP = NO;
				VALIDATE_WORKSPACE_SKIPPED_SDK_FRAMEWORKS = OpenGLES;
			};
			name = Debug;
		};
		C858F428D6683958D73B0C79 /* Debug */ = {
			isa = XCBuildConfiguration;
			buildSettings = {
				"CODE_SIGN_IDENTITY[sdk=iphoneos*]" = "iPhone Developer";
				ALWAYS_SEARCH_USER_PATHS = NO;
				CLANG_ENABLE_OBJC_WEAK = YES;
				CLANG_WARN_BLOCK_CAPTURE_AUTORELEASING = YES;
				CLANG_WARN_BOOL_CONVERSION = YES;
				CLANG_WARN_COMMA = YES;
				CLANG_WARN_CONSTANT_CONVERSION = YES;
				CLANG_WARN_DEPRECATED_OBJC_IMPLEMENTATIONS = YES;
				CLANG_WARN_EMPTY_BODY = YES;
				CLANG_WARN_ENUM_CONVERSION = YES;
				CLANG_WARN_INFINITE_RECURSION = YES;
				CLANG_WARN_INT_CONVERSION = YES;
				CLANG_WARN_NON_LITERAL_NULL_CONVERSION = YES;
				CLANG_WARN_OBJC_IMPLICIT_RETAIN_SELF = YES;
				CLANG_WARN_OBJC_LITERAL_CONVERSION = YES;
				CLANG_WARN_RANGE_LOOP_ANALYSIS = YES;
				CLANG_WARN_STRICT_PROTOTYPES = YES;
				CLANG_WARN_SUSPICIOUS_MOVE = YES;
				CLANG_WARN_UNREACHABLE_CODE = YES;
				CLANG_WARN__DUPLICATE_METHOD_MATCH = YES;
				DEBUG_INFORMATION_FORMAT = dwarf;
				ENABLE_STRICT_OBJC_MSGSEND = YES;
				ENABLE_TESTABILITY = NO;
				GCC_C_LANGUAGE_STANDARD = c11;
				GCC_INLINES_ARE_PRIVATE_EXTERN = YES;
				GCC_MODEL_TUNING = G5;
				GCC_NO_COMMON_BLOCKS = YES;
				GCC_SYMBOLS_PRIVATE_EXTERN = YES;
				GCC_WARN_64_TO_32_BIT_CONVERSION = YES;
				GCC_WARN_ABOUT_RETURN_TYPE = YES;
				GCC_WARN_CHECK_SWITCH_STATEMENTS = YES;
				GCC_WARN_MISSING_PARENTHESES = YES;
				GCC_WARN_NON_VIRTUAL_DESTRUCTOR = YES;
				GCC_WARN_TYPECHECK_CALLS_TO_PRINTF = YES;
				GCC_WARN_UNDECLARED_SELECTOR = YES;
				GCC_WARN_UNINITIALIZED_AUTOS = YES;
				GCC_WARN_UNUSED_FUNCTION = YES;
				GCC_WARN_UNUSED_VARIABLE = YES;
				IPHONEOS_DEPLOYMENT_TARGET = 9.3;
				ONLY_ACTIVE_ARCH = YES;
				PRODUCT_NAME = "LEAF";
				SDKROOT = iphoneos;
				TARGETED_DEVICE_FAMILY = "1,2";
				WARNING_CFLAGS = "-Wreorder";
				ZERO_LINK = NO;
			};
			name = Debug;
		};
		E90B8D921EFF8A1CA09FA55C /* Release */ = {
			isa = XCBuildConfiguration;
			buildSettings = {
				"CODE_SIGN_IDENTITY[sdk=iphoneos*]" = "iPhone Developer";
				ASSETCATALOG_COMPILER_APPICON_NAME = AppIcon;
				CLANG_CXX_LANGUAGE_STANDARD = "c++17";
				CLANG_CXX_LIBRARY = "libc++";
				CLANG_LINK_OBJC_RUNTIME = NO;
				COMBINE_HIDPI_IMAGES = YES;
				CONFIGURATION_BUILD_DIR = "$(PROJECT_DIR)/build/$(CONFIGURATION)";
				DEAD_CODE_STRIPPING = YES;
				DEVELOPMENT_TEAM = QY96HSP2FJ;
				GCC_GENERATE_DEBUGGING_SYMBOLS = NO;
				GCC_OPTIMIZATION_LEVEL = 3;
				GCC_PREPROCESSOR_DEFINITIONS = (
					"_NDEBUG=1",
					"NDEBUG=1",
					"JUCE_CONTENT_SHARING=1",
					"JUCER_XCODE_IPHONE_5BC26AE3=1",
					"JUCE_APP_VERSION=0.0.1",
					"JUCE_APP_VERSION_HEX=0x1",
					"JucePlugin_Build_VST=0",
					"JucePlugin_Build_VST3=0",
					"JucePlugin_Build_AU=0",
					"JucePlugin_Build_AUv3=0",
					"JucePlugin_Build_RTAS=0",
					"JucePlugin_Build_AAX=0",
					"JucePlugin_Build_Standalone=0",
					"JucePlugin_Build_Unity=0",
				);
				GCC_VERSION = com.apple.compilers.llvm.clang.1_0;
				HEADER_SEARCH_PATHS = (
					"$(SRCROOT)/../../JuceLibraryCode",
					"$(HOME)/JUCE/modules",
					"$(HOME)/JUCE/modules/juce_audio_plugin_client",
					"$(inherited)",
				);
				LLVM_LTO = YES;
				MTL_HEADER_SEARCH_PATHS = "$(SRCROOT)/../../JuceLibraryCode $(HOME)/JUCE/modules $(HOME)/JUCE/modules/juce_audio_plugin_client";
				OTHER_LDFLAGS = "-lLEAF";
				PRODUCT_BUNDLE_IDENTIFIER = com.peersky.ZEN;
				PRODUCT_NAME = "LEAF";
				PROVISIONING_PROFILE_SPECIFIER = "";
				USE_HEADERMAP = NO;
				VALIDATE_WORKSPACE_SKIPPED_SDK_FRAMEWORKS = OpenGLES;
			};
			name = Release;
		};
/* End XCBuildConfiguration section */

/* Begin XCConfigurationList section */
		1930D53971389744152980FA = {
			isa = XCConfigurationList;
			buildConfigurations = (
				BC8ECF0FF637F7311CCECF55,
				2FBCC90B16F562BBCBFE564E,
			);
			defaultConfigurationIsVisible = 0;
			defaultConfigurationName = Debug;
		};
		696B9F68FC3D2BF2ACD07257 = {
			isa = XCConfigurationList;
			buildConfigurations = (
				407663599ACA81FAADD553BF,
				E90B8D921EFF8A1CA09FA55C,
			);
			defaultConfigurationIsVisible = 0;
			defaultConfigurationName = Debug;
		};
		911BEA3B2AF9FAACADAF58E3 = {
			isa = XCConfigurationList;
			buildConfigurations = (
				4F44D44F22881DC34AE6B961,
				A9263BBEB722FFC765A449CA,
			);
			defaultConfigurationIsVisible = 0;
			defaultConfigurationName = Debug;
		};
		C50F7A3399675EF31D798A62 = {
			isa = XCConfigurationList;
			buildConfigurations = (
				5BE38CE21C141AAAF27CC584,
				C858F428D6683958D73B0C79,
			);
			defaultConfigurationIsVisible = 0;
			defaultConfigurationName = Debug;
		};
/* End XCConfigurationList section */
	};
	rootObject = 6DFDA17080A9F446794D5D4B /* Project object */;
}
