// !$*UTF8*$!
{
	archiveVersion = 1;
	classes = {
	};
	objectVersion = 46;
	objects = {

/* Begin PBXAggregateTarget section */
		1322946847D323D413120CC1 /* ZenPlugin - All */ = {
			isa = PBXAggregateTarget;
			buildConfigurationList = 696B9F68FC3D2BF2ACD07257 /* Build configuration list for PBXAggregateTarget "ZenPlugin - All" */;
			buildPhases = (
			);
			dependencies = (
				28CDE5C79AEB7104D6B5258E /* PBXTargetDependency */,
				A27402059E15DF3900EEB409 /* PBXTargetDependency */,
				DCADEF0AB77A4EB29031FDCE /* PBXTargetDependency */,
			);
			name = "ZenPlugin - All";
			productName = ZenPlugin;
		};
/* End PBXAggregateTarget section */

/* Begin PBXBuildFile section */
		0EFAA49E3309D2D539AB0322 /* include_juce_audio_processors.mm in Sources */ = {isa = PBXBuildFile; fileRef = 90B65B7356ED20CDE1E41E72 /* include_juce_audio_processors.mm */; };
		1216FC02EE4B87FBCD3F1969 /* AudioToolbox.framework in Frameworks */ = {isa = PBXBuildFile; fileRef = D4C3DE7EEE9FDF78B092A983 /* AudioToolbox.framework */; };
		13D12EB6268070AF00A08B1A /* RecentFilesMenuTemplate.nib in Resources */ = {isa = PBXBuildFile; fileRef = D6B4932C6FD2F3AF3442ADE3 /* RecentFilesMenuTemplate.nib */; };
		13D12EB7268070AF00A08B1A /* Accelerate.framework in Frameworks */ = {isa = PBXBuildFile; fileRef = 4A87F119D8D96583AD5906FA /* Accelerate.framework */; };
		13D12EB8268070AF00A08B1A /* AudioToolbox.framework in Frameworks */ = {isa = PBXBuildFile; fileRef = D4C3DE7EEE9FDF78B092A983 /* AudioToolbox.framework */; };
		13D12EB9268070AF00A08B1A /* AVFoundation.framework in Frameworks */ = {isa = PBXBuildFile; fileRef = 3ED95C28EAC3C3F110E09D1D /* AVFoundation.framework */; };
		13D12EBA268070AF00A08B1A /* AVKit.framework in Frameworks */ = {isa = PBXBuildFile; fileRef = 77DADB3105A3CFB64BE87200 /* AVKit.framework */; };
		13D12EBB268070AF00A08B1A /* Carbon.framework in Frameworks */ = {isa = PBXBuildFile; fileRef = A2F656E4A6F5E2FFBD909D9D /* Carbon.framework */; };
		13D12EBC268070AF00A08B1A /* Cocoa.framework in Frameworks */ = {isa = PBXBuildFile; fileRef = 8BF3871AF99D1A6EF3E51E19 /* Cocoa.framework */; };
		13D12EBD268070AF00A08B1A /* CoreAudio.framework in Frameworks */ = {isa = PBXBuildFile; fileRef = BC43D25503BBF744561332BB /* CoreAudio.framework */; };
		13D12EBE268070AF00A08B1A /* CoreAudioKit.framework in Frameworks */ = {isa = PBXBuildFile; fileRef = 9B7FB7BD0356BA1801572423 /* CoreAudioKit.framework */; };
		13D12EBF268070AF00A08B1A /* CoreMedia.framework in Frameworks */ = {isa = PBXBuildFile; fileRef = 2C7CD9EAAD3E2A428D9684F7 /* CoreMedia.framework */; };
		13D12EC0268070AF00A08B1A /* CoreMIDI.framework in Frameworks */ = {isa = PBXBuildFile; fileRef = 37CE5ED9AE70FABA5701E06C /* CoreMIDI.framework */; };
		13D12EC1268070AF00A08B1A /* DiscRecording.framework in Frameworks */ = {isa = PBXBuildFile; fileRef = E979F0BC02437A33C6CA5FFC /* DiscRecording.framework */; };
		13D12EC2268070AF00A08B1A /* Foundation.framework in Frameworks */ = {isa = PBXBuildFile; fileRef = 883EFA6E6FA886473E385AD7 /* Foundation.framework */; };
		13D12EC3268070AF00A08B1A /* IOKit.framework in Frameworks */ = {isa = PBXBuildFile; fileRef = 623D7544BC663ADAA9622ABA /* IOKit.framework */; };
		13D12EC4268070AF00A08B1A /* OpenGL.framework in Frameworks */ = {isa = PBXBuildFile; fileRef = E648B1B4BC65898C1E4126B1 /* OpenGL.framework */; };
		13D12EC5268070AF00A08B1A /* QuartzCore.framework in Frameworks */ = {isa = PBXBuildFile; fileRef = A02CE6774629795DA35BE4FB /* QuartzCore.framework */; };
		13D12EC6268070AF00A08B1A /* WebKit.framework in Frameworks */ = {isa = PBXBuildFile; fileRef = E6D84C657F070A26C785314D /* WebKit.framework */; };
		13FF557826A18B6F001782D3 /* zen_debug.cpp in Sources */ = {isa = PBXBuildFile; fileRef = 13FF555026A18B6F001782D3 /* zen_debug.cpp */; };
		13FF557926A18B6F001782D3 /* zen.cpp in Sources */ = {isa = PBXBuildFile; fileRef = 13FF555226A18B6F001782D3 /* zen.cpp */; };
		13FF557A26A18B6F001782D3 /* zen-math.c in Sources */ = {isa = PBXBuildFile; fileRef = 13FF555426A18B6F001782D3 /* zen-math.c */; };
		13FF557B26A18B6F001782D3 /* zen_circular_buffer.cpp in Sources */ = {isa = PBXBuildFile; fileRef = 13FF555526A18B6F001782D3 /* zen_circular_buffer.cpp */; };
		13FF558626A18B6F001782D3 /* zen_memory.cpp in Sources */ = {isa = PBXBuildFile; fileRef = 13FF557526A18B6F001782D3 /* zen_memory.cpp */; };
		14ADEA9EF8E395A3ABEF7DC7 /* include_juce_audio_plugin_client_VST_utils.mm in Sources */ = {isa = PBXBuildFile; fileRef = 29468D288C7F83A4DC6A4768 /* include_juce_audio_plugin_client_VST_utils.mm */; };
		18701FA8CCA3A575D594B833 /* AVFoundation.framework in Frameworks */ = {isa = PBXBuildFile; fileRef = 3ED95C28EAC3C3F110E09D1D /* AVFoundation.framework */; };
		18E640B9BDD274A18B222356 /* DiscRecording.framework in Frameworks */ = {isa = PBXBuildFile; fileRef = E979F0BC02437A33C6CA5FFC /* DiscRecording.framework */; };
		23E347F5E45749F48BE4BA0A /* include_juce_audio_plugin_client_utils.cpp in Sources */ = {isa = PBXBuildFile; fileRef = 6C81E61C80496614A178854D /* include_juce_audio_plugin_client_utils.cpp */; };
		257BB23CBAE55D8AD1B6BFB6 /* include_juce_audio_devices.mm in Sources */ = {isa = PBXBuildFile; fileRef = 86EE36EDADDECAA12E7424BD /* include_juce_audio_devices.mm */; };
		2B50868CA0269476721400A6 /* AudioUnit.framework in Frameworks */ = {isa = PBXBuildFile; fileRef = 2246AF1F1BD3734FE1F5F10D /* AudioUnit.framework */; };
		3756FED206F6D92362F162B0 /* CoreMIDI.framework in Frameworks */ = {isa = PBXBuildFile; fileRef = 37CE5ED9AE70FABA5701E06C /* CoreMIDI.framework */; };
		44F97E98B536E899E770820E /* CoreAudioKit.framework in Frameworks */ = {isa = PBXBuildFile; fileRef = 9B7FB7BD0356BA1801572423 /* CoreAudioKit.framework */; };
		46F73F7071C90A24DD152FE5 /* include_juce_audio_plugin_client_AU_2.mm in Sources */ = {isa = PBXBuildFile; fileRef = F476ADDF22CCB48145382207 /* include_juce_audio_plugin_client_AU_2.mm */; };
		51BAB5C6EE36EB0C53881D7D /* include_juce_video.mm in Sources */ = {isa = PBXBuildFile; fileRef = 8B9613C966CC375CEE8C1ED5 /* include_juce_video.mm */; };
		54C6777BC42EAEAA22E4A360 /* WebKit.framework in Frameworks */ = {isa = PBXBuildFile; fileRef = E6D84C657F070A26C785314D /* WebKit.framework */; };
		5C4BEC0E1F267236E4E4446D /* include_juce_graphics.mm in Sources */ = {isa = PBXBuildFile; fileRef = 300CB436584205513E021D9C /* include_juce_graphics.mm */; };
		600452722658F06FD337B57B /* CoreMedia.framework in Frameworks */ = {isa = PBXBuildFile; fileRef = 2C7CD9EAAD3E2A428D9684F7 /* CoreMedia.framework */; };
		62C62B1347D26A14DD94C620 /* include_juce_audio_plugin_client_Standalone.cpp in Sources */ = {isa = PBXBuildFile; fileRef = F896305D266A197A39FA4248 /* include_juce_audio_plugin_client_Standalone.cpp */; };
		63289256A867BCF46D230DC4 /* PluginEditor.cpp in Sources */ = {isa = PBXBuildFile; fileRef = BBAF29EE74FB1815F3235DFA /* PluginEditor.cpp */; };
		662B81F1E6B7CCAEE68A6071 /* UIComponent.cpp in Sources */ = {isa = PBXBuildFile; fileRef = 19A742736B41FDD7EC76D86A /* UIComponent.cpp */; };
		693B53753CAD365D27953CF8 /* Carbon.framework in Frameworks */ = {isa = PBXBuildFile; fileRef = A2F656E4A6F5E2FFBD909D9D /* Carbon.framework */; };
		724E8DDA8698FB03B3A376CA /* CoreAudio.framework in Frameworks */ = {isa = PBXBuildFile; fileRef = BC43D25503BBF744561332BB /* CoreAudio.framework */; };
		82835C07B8A35382EEBA2577 /* include_juce_gui_extra.mm in Sources */ = {isa = PBXBuildFile; fileRef = 9E8F106C4DCBD55B48E54D99 /* include_juce_gui_extra.mm */; };
		96991F23CE8046D002F64812 /* IOKit.framework in Frameworks */ = {isa = PBXBuildFile; fileRef = 623D7544BC663ADAA9622ABA /* IOKit.framework */; };
		99CF5C370067AFECE3325927 /* include_juce_audio_formats.mm in Sources */ = {isa = PBXBuildFile; fileRef = 9906AA6F89905D62DECCF6CD /* include_juce_audio_formats.mm */; };
		9BF7E87CA1FF93EBA87803CB /* include_juce_data_structures.mm in Sources */ = {isa = PBXBuildFile; fileRef = 2D3DC12554D0AF5C85AA6A66 /* include_juce_data_structures.mm */; };
		9FB113D82D1A5D34E30A7E22 /* include_juce_cryptography.mm in Sources */ = {isa = PBXBuildFile; fileRef = DB52E9A20C9530064746B0C8 /* include_juce_cryptography.mm */; };
		A79F8A11025D64C399DBC70D /* include_juce_audio_plugin_client_AU_1.mm in Sources */ = {isa = PBXBuildFile; fileRef = F9CEADA6770E567D23F59F4B /* include_juce_audio_plugin_client_AU_1.mm */; };
		A8A0D7FFF93C2117E10C8F99 /* ZENLink.cpp in Sources */ = {isa = PBXBuildFile; fileRef = F75B8EF939CE0E50DCCB4B98 /* ZENLink.cpp */; };
		A972CC6AF3C86020C97EC721 /* include_juce_core.mm in Sources */ = {isa = PBXBuildFile; fileRef = 7300FCF182C12A53375D80BC /* include_juce_core.mm */; };
		B5C0BF4A407766099282BE3A /* Accelerate.framework in Frameworks */ = {isa = PBXBuildFile; fileRef = 4A87F119D8D96583AD5906FA /* Accelerate.framework */; };
		BBEFF8E5C01F8CD50AD801BB /* include_juce_gui_basics.mm in Sources */ = {isa = PBXBuildFile; fileRef = A31C7380FB7A820B36691533 /* include_juce_gui_basics.mm */; };
		BF389104288CF713683CA0C6 /* include_juce_dsp.mm in Sources */ = {isa = PBXBuildFile; fileRef = 07CD58703B588A8C2795F112 /* include_juce_dsp.mm */; };
		C6478BD80F0478BE9FC035EC /* AVKit.framework in Frameworks */ = {isa = PBXBuildFile; fileRef = 77DADB3105A3CFB64BE87200 /* AVKit.framework */; };
		C76C1BD4990BE2FBEC49875F /* ZenProcessor.cpp in Sources */ = {isa = PBXBuildFile; fileRef = 1A807F6ACC93B58CDEF7CF7B /* ZenProcessor.cpp */; };
		C8263B08A180CBC6F7D25D15 /* PluginProcessor.cpp in Sources */ = {isa = PBXBuildFile; fileRef = 18F469115F89863516BE86BC /* PluginProcessor.cpp */; };
		DC940AFB0F70DCF6ACBCE8B7 /* include_juce_opengl.mm in Sources */ = {isa = PBXBuildFile; fileRef = 3EB084EFCDCB5A6345AB3DD3 /* include_juce_opengl.mm */; };
		E00CE24C01FD3CF482DD535D /* RecentFilesMenuTemplate.nib in Resources */ = {isa = PBXBuildFile; fileRef = D6B4932C6FD2F3AF3442ADE3 /* RecentFilesMenuTemplate.nib */; };
		E49C10523CE35360371AF2BE /* include_juce_events.mm in Sources */ = {isa = PBXBuildFile; fileRef = 8D88B3DFFFD690D985DD4531 /* include_juce_events.mm */; };
		E960B4E27C66D1DC6FFABDC0 /* OpenGL.framework in Frameworks */ = {isa = PBXBuildFile; fileRef = E648B1B4BC65898C1E4126B1 /* OpenGL.framework */; };
		EEC8687983775E4A14DE8AA7 /* Cocoa.framework in Frameworks */ = {isa = PBXBuildFile; fileRef = 8BF3871AF99D1A6EF3E51E19 /* Cocoa.framework */; };
		FA44AB96697E149D4A611E15 /* include_juce_audio_utils.mm in Sources */ = {isa = PBXBuildFile; fileRef = EDEEB6BD10AAF09167E1D630 /* include_juce_audio_utils.mm */; };
		FBE5F20CE3A3D0B9192CD394 /* Foundation.framework in Frameworks */ = {isa = PBXBuildFile; fileRef = 883EFA6E6FA886473E385AD7 /* Foundation.framework */; };
		FCF92E1A93F7FB7117DC56E4 /* QuartzCore.framework in Frameworks */ = {isa = PBXBuildFile; fileRef = A02CE6774629795DA35BE4FB /* QuartzCore.framework */; };
		FF03E1847822DFC72C983799 /* include_juce_audio_basics.mm in Sources */ = {isa = PBXBuildFile; fileRef = 5EF0F933DB9358ADBAF2FC99 /* include_juce_audio_basics.mm */; };
		FFC941D4142AF8A9A4B9EE0D /* include_juce_audio_plugin_client_AU.r in Rez */ = {isa = PBXBuildFile; fileRef = 80964CE5DBED496F23504F77 /* include_juce_audio_plugin_client_AU.r */; };
/* End PBXBuildFile section */

/* Begin PBXContainerItemProxy section */
		13D12EC7268070B400A08B1A /* PBXContainerItemProxy */ = {
			isa = PBXContainerItemProxy;
			containerPortal = 6DFDA17080A9F446794D5D4B /* Project object */;
			proxyType = 1;
			remoteGlobalIDString = 5D7C456B0368AA9533D8911C;
			remoteInfo = "ZenPlugin - Shared Code";
		};
		13D12EC8268070B400A08B1A /* PBXContainerItemProxy */ = {
			isa = PBXContainerItemProxy;
			containerPortal = 6DFDA17080A9F446794D5D4B /* Project object */;
			proxyType = 1;
			remoteGlobalIDString = 5D7C456B0368AA9533D8911C;
			remoteInfo = "ZenPlugin - Shared Code";
		};
		13D12EC9268070B500A08B1A /* PBXContainerItemProxy */ = {
			isa = PBXContainerItemProxy;
			containerPortal = 6DFDA17080A9F446794D5D4B /* Project object */;
			proxyType = 1;
			remoteGlobalIDString = BAFDCAF7A363EFF0EAB70B96;
			remoteInfo = "ZenPlugin - AU";
		};
		13D12ECA268070B500A08B1A /* PBXContainerItemProxy */ = {
			isa = PBXContainerItemProxy;
			containerPortal = 6DFDA17080A9F446794D5D4B /* Project object */;
			proxyType = 1;
			remoteGlobalIDString = FD2A7A705EDA702DB6C64BF9;
			remoteInfo = "ZenPlugin - Standalone Plugin";
		};
		13D12ECB268070B500A08B1A /* PBXContainerItemProxy */ = {
			isa = PBXContainerItemProxy;
			containerPortal = 6DFDA17080A9F446794D5D4B /* Project object */;
			proxyType = 1;
			remoteGlobalIDString = 5D7C456B0368AA9533D8911C;
			remoteInfo = "ZenPlugin - Shared Code";
		};
/* End PBXContainerItemProxy section */

/* Begin PBXFileReference section */
		07CD58703B588A8C2795F112 /* include_juce_dsp.mm */ = {isa = PBXFileReference; lastKnownFileType = sourcecode.cpp.objcpp; name = include_juce_dsp.mm; path = ../../JuceLibraryCode/include_juce_dsp.mm; sourceTree = SOURCE_ROOT; };
		13FF554F26A18B6F001782D3 /* zen_interpolator.h */ = {isa = PBXFileReference; fileEncoding = 4; lastKnownFileType = sourcecode.c.h; path = zen_interpolator.h; sourceTree = "<group>"; };
		13FF555026A18B6F001782D3 /* zen_debug.cpp */ = {isa = PBXFileReference; fileEncoding = 4; lastKnownFileType = sourcecode.cpp.cpp; path = zen_debug.cpp; sourceTree = "<group>"; };
		13FF555126A18B6F001782D3 /* zen_circular_buffer.h */ = {isa = PBXFileReference; fileEncoding = 4; lastKnownFileType = sourcecode.c.h; path = zen_circular_buffer.h; sourceTree = "<group>"; };
		13FF555226A18B6F001782D3 /* zen.cpp */ = {isa = PBXFileReference; fileEncoding = 4; lastKnownFileType = sourcecode.cpp.cpp; path = zen.cpp; sourceTree = "<group>"; };
		13FF555326A18B6F001782D3 /* zen_math.h */ = {isa = PBXFileReference; fileEncoding = 4; lastKnownFileType = sourcecode.c.h; path = zen_math.h; sourceTree = "<group>"; };
		13FF555426A18B6F001782D3 /* zen-math.c */ = {isa = PBXFileReference; fileEncoding = 4; lastKnownFileType = sourcecode.c.c; path = "zen-math.c"; sourceTree = "<group>"; };
		13FF555526A18B6F001782D3 /* zen_circular_buffer.cpp */ = {isa = PBXFileReference; fileEncoding = 4; lastKnownFileType = sourcecode.cpp.cpp; path = zen_circular_buffer.cpp; sourceTree = "<group>"; };
		13FF555826A18B6F001782D3 /* zen_sampler.c */ = {isa = PBXFileReference; fileEncoding = 4; lastKnownFileType = sourcecode.c.c; path = zen_sampler.c; sourceTree = "<group>"; };
		13FF555926A18B6F001782D3 /* index.h */ = {isa = PBXFileReference; fileEncoding = 4; lastKnownFileType = sourcecode.c.h; path = index.h; sourceTree = "<group>"; };
		13FF555A26A18B6F001782D3 /* zen_delay.h */ = {isa = PBXFileReference; fileEncoding = 4; lastKnownFileType = sourcecode.c.h; path = zen_delay.h; sourceTree = "<group>"; };
		13FF555B26A18B6F001782D3 /* zen_envelope.h */ = {isa = PBXFileReference; fileEncoding = 4; lastKnownFileType = sourcecode.c.h; path = zen_envelope.h; sourceTree = "<group>"; };
		13FF555C26A18B6F001782D3 /* zen_svf.h */ = {isa = PBXFileReference; fileEncoding = 4; lastKnownFileType = sourcecode.c.h; path = zen_svf.h; sourceTree = "<group>"; };
		13FF555D26A18B6F001782D3 /* zen_fader.c */ = {isa = PBXFileReference; fileEncoding = 4; lastKnownFileType = sourcecode.c.c; path = zen_fader.c; sourceTree = "<group>"; };
		13FF555F26A18B6F001782D3 /* zen_zero_crossing.c */ = {isa = PBXFileReference; fileEncoding = 4; lastKnownFileType = sourcecode.c.c; path = zen_zero_crossing.c; sourceTree = "<group>"; };
		13FF556026A18B6F001782D3 /* zen_wave.h */ = {isa = PBXFileReference; fileEncoding = 4; lastKnownFileType = sourcecode.c.h; path = zen_wave.h; sourceTree = "<group>"; };
		13FF556126A18B6F001782D3 /* zen_bitcrush.c */ = {isa = PBXFileReference; fileEncoding = 4; lastKnownFileType = sourcecode.c.c; path = zen_bitcrush.c; sourceTree = "<group>"; };
		13FF556226A18B6F001782D3 /* zen_multiwave.c */ = {isa = PBXFileReference; fileEncoding = 4; lastKnownFileType = sourcecode.c.c; path = zen_multiwave.c; sourceTree = "<group>"; };
		13FF556326A18B6F001782D3 /* zen_mixer.h */ = {isa = PBXFileReference; fileEncoding = 4; lastKnownFileType = sourcecode.c.h; path = zen_mixer.h; sourceTree = "<group>"; };
		13FF556426A18B6F001782D3 /* zen_filters.h */ = {isa = PBXFileReference; fileEncoding = 4; lastKnownFileType = sourcecode.c.h; path = zen_filters.h; sourceTree = "<group>"; };
		13FF556526A18B6F001782D3 /* zen_modulation.h */ = {isa = PBXFileReference; fileEncoding = 4; lastKnownFileType = sourcecode.c.h; path = zen_modulation.h; sourceTree = "<group>"; };
		13FF556626A18B6F001782D3 /* zen_fader.h */ = {isa = PBXFileReference; fileEncoding = 4; lastKnownFileType = sourcecode.c.h; path = zen_fader.h; sourceTree = "<group>"; };
		13FF556726A18B6F001782D3 /* zen_envelope.c */ = {isa = PBXFileReference; fileEncoding = 4; lastKnownFileType = sourcecode.c.c; path = zen_envelope.c; sourceTree = "<group>"; };
		13FF556826A18B6F001782D3 /* zen_sampler.h */ = {isa = PBXFileReference; fileEncoding = 4; lastKnownFileType = sourcecode.c.h; path = zen_sampler.h; sourceTree = "<group>"; };
		13FF556926A18B6F001782D3 /* zen_zero_crossing.h */ = {isa = PBXFileReference; fileEncoding = 4; lastKnownFileType = sourcecode.c.h; path = zen_zero_crossing.h; sourceTree = "<group>"; };
		13FF556A26A18B6F001782D3 /* zen_modulation.c */ = {isa = PBXFileReference; fileEncoding = 4; lastKnownFileType = sourcecode.c.c; path = zen_modulation.c; sourceTree = "<group>"; };
		13FF556B26A18B6F001782D3 /* delay.h */ = {isa = PBXFileReference; fileEncoding = 4; lastKnownFileType = sourcecode.c.h; path = delay.h; sourceTree = "<group>"; };
		13FF556C26A18B6F001782D3 /* zen_filters.c */ = {isa = PBXFileReference; fileEncoding = 4; lastKnownFileType = sourcecode.c.c; path = zen_filters.c; sourceTree = "<group>"; };
		13FF556D26A18B6F001782D3 /* feedback.h */ = {isa = PBXFileReference; fileEncoding = 4; lastKnownFileType = sourcecode.c.h; path = feedback.h; sourceTree = "<group>"; };
		13FF556E26A18B6F001782D3 /* zen_mixer.c */ = {isa = PBXFileReference; fileEncoding = 4; lastKnownFileType = sourcecode.c.c; path = zen_mixer.c; sourceTree = "<group>"; };
		13FF556F26A18B6F001782D3 /* delay_line.h */ = {isa = PBXFileReference; fileEncoding = 4; lastKnownFileType = sourcecode.c.h; path = delay_line.h; sourceTree = "<group>"; };
		13FF557026A18B6F001782D3 /* zen_bitcrush.h */ = {isa = PBXFileReference; fileEncoding = 4; lastKnownFileType = sourcecode.c.h; path = zen_bitcrush.h; sourceTree = "<group>"; };
		13FF557126A18B6F001782D3 /* compressor.h */ = {isa = PBXFileReference; fileEncoding = 4; lastKnownFileType = sourcecode.c.h; path = compressor.h; sourceTree = "<group>"; };
		13FF557226A18B6F001782D3 /* zen_memory.h */ = {isa = PBXFileReference; fileEncoding = 4; lastKnownFileType = sourcecode.c.h; path = zen_memory.h; sourceTree = "<group>"; };
		13FF557326A18B6F001782D3 /* zen.h */ = {isa = PBXFileReference; fileEncoding = 4; lastKnownFileType = sourcecode.c.h; path = zen.h; sourceTree = "<group>"; };
		13FF557426A18B6F001782D3 /* dsp.h */ = {isa = PBXFileReference; fileEncoding = 4; lastKnownFileType = sourcecode.c.h; path = dsp.h; sourceTree = "<group>"; };
		13FF557526A18B6F001782D3 /* zen_memory.cpp */ = {isa = PBXFileReference; fileEncoding = 4; lastKnownFileType = sourcecode.cpp.cpp; path = zen_memory.cpp; sourceTree = "<group>"; };
		13FF557626A18B6F001782D3 /* zen_AudioInstance.h */ = {isa = PBXFileReference; fileEncoding = 4; lastKnownFileType = sourcecode.c.h; path = zen_AudioInstance.h; sourceTree = "<group>"; };
		13FF557726A18B6F001782D3 /* zen_debug.h */ = {isa = PBXFileReference; fileEncoding = 4; lastKnownFileType = sourcecode.c.h; path = zen_debug.h; sourceTree = "<group>"; };
		15D46B7CB6A6C563F85C215E /* juce_video */ = {isa = PBXFileReference; lastKnownFileType = folder; name = juce_video; path = "~/JUCE/modules/juce_video"; sourceTree = "<absolute>"; };
		18F469115F89863516BE86BC /* PluginProcessor.cpp */ = {isa = PBXFileReference; lastKnownFileType = sourcecode.cpp.cpp; name = PluginProcessor.cpp; path = ../../Source/PluginProcessor.cpp; sourceTree = SOURCE_ROOT; };
		19A742736B41FDD7EC76D86A /* UIComponent.cpp */ = {isa = PBXFileReference; lastKnownFileType = sourcecode.cpp.cpp; name = UIComponent.cpp; path = ../../Source/UIComponent.cpp; sourceTree = SOURCE_ROOT; };
		1A807F6ACC93B58CDEF7CF7B /* ZenProcessor.cpp */ = {isa = PBXFileReference; lastKnownFileType = sourcecode.cpp.cpp; name = ZenProcessor.cpp; path = ../../Source/ZenProcessor.cpp; sourceTree = SOURCE_ROOT; };
		1B08BC892A1A11F888AC9A6D /* juce_opengl */ = {isa = PBXFileReference; lastKnownFileType = folder; name = juce_opengl; path = "~/JUCE/modules/juce_opengl"; sourceTree = "<absolute>"; };
		2246AF1F1BD3734FE1F5F10D /* AudioUnit.framework */ = {isa = PBXFileReference; lastKnownFileType = wrapper.framework; name = AudioUnit.framework; path = System/Library/Frameworks/AudioUnit.framework; sourceTree = SDKROOT; };
		23F375AD42DA1A34A505E658 /* juce_events */ = {isa = PBXFileReference; lastKnownFileType = folder; name = juce_events; path = "~/JUCE/modules/juce_events"; sourceTree = "<absolute>"; };
		29468D288C7F83A4DC6A4768 /* include_juce_audio_plugin_client_VST_utils.mm */ = {isa = PBXFileReference; lastKnownFileType = sourcecode.cpp.objcpp; name = include_juce_audio_plugin_client_VST_utils.mm; path = ../../JuceLibraryCode/include_juce_audio_plugin_client_VST_utils.mm; sourceTree = SOURCE_ROOT; };
		2C7CD9EAAD3E2A428D9684F7 /* CoreMedia.framework */ = {isa = PBXFileReference; lastKnownFileType = wrapper.framework; name = CoreMedia.framework; path = System/Library/Frameworks/CoreMedia.framework; sourceTree = SDKROOT; };
		2D3DC12554D0AF5C85AA6A66 /* include_juce_data_structures.mm */ = {isa = PBXFileReference; lastKnownFileType = sourcecode.cpp.objcpp; name = include_juce_data_structures.mm; path = ../../JuceLibraryCode/include_juce_data_structures.mm; sourceTree = SOURCE_ROOT; };
		2E0B37C154BCB8885B712C35 /* Globals.h */ = {isa = PBXFileReference; lastKnownFileType = sourcecode.c.h; name = Globals.h; path = ../../Source/Globals.h; sourceTree = SOURCE_ROOT; };
		300CB436584205513E021D9C /* include_juce_graphics.mm */ = {isa = PBXFileReference; lastKnownFileType = sourcecode.cpp.objcpp; name = include_juce_graphics.mm; path = ../../JuceLibraryCode/include_juce_graphics.mm; sourceTree = SOURCE_ROOT; };
		3452815E8EDC084F761066E7 /* juce_audio_processors */ = {isa = PBXFileReference; lastKnownFileType = folder; name = juce_audio_processors; path = "~/JUCE/modules/juce_audio_processors"; sourceTree = "<absolute>"; };
		368FAE514D22FF3BE327F843 /* juce_audio_basics */ = {isa = PBXFileReference; lastKnownFileType = folder; name = juce_audio_basics; path = "~/JUCE/modules/juce_audio_basics"; sourceTree = "<absolute>"; };
		37CE5ED9AE70FABA5701E06C /* CoreMIDI.framework */ = {isa = PBXFileReference; lastKnownFileType = wrapper.framework; name = CoreMIDI.framework; path = System/Library/Frameworks/CoreMIDI.framework; sourceTree = SDKROOT; };
		3B7560A2848C7A5E6CC6C7BE /* JuceHeader.h */ = {isa = PBXFileReference; lastKnownFileType = sourcecode.c.h; name = JuceHeader.h; path = ../../JuceLibraryCode/JuceHeader.h; sourceTree = SOURCE_ROOT; };
		3EB084EFCDCB5A6345AB3DD3 /* include_juce_opengl.mm */ = {isa = PBXFileReference; lastKnownFileType = sourcecode.cpp.objcpp; name = include_juce_opengl.mm; path = ../../JuceLibraryCode/include_juce_opengl.mm; sourceTree = SOURCE_ROOT; };
		3ED95C28EAC3C3F110E09D1D /* AVFoundation.framework */ = {isa = PBXFileReference; lastKnownFileType = wrapper.framework; name = AVFoundation.framework; path = System/Library/Frameworks/AVFoundation.framework; sourceTree = SDKROOT; };
		44B766C28C4F44C59B84F472 /* JucePluginDefines.h */ = {isa = PBXFileReference; lastKnownFileType = sourcecode.c.h; name = JucePluginDefines.h; path = ../../JuceLibraryCode/JucePluginDefines.h; sourceTree = SOURCE_ROOT; };
		4A87F119D8D96583AD5906FA /* Accelerate.framework */ = {isa = PBXFileReference; lastKnownFileType = wrapper.framework; name = Accelerate.framework; path = System/Library/Frameworks/Accelerate.framework; sourceTree = SDKROOT; };
		4CEC84F01E5D28B38C8AFDBA /* SpectrumAnalyzer.h */ = {isa = PBXFileReference; lastKnownFileType = sourcecode.c.h; name = SpectrumAnalyzer.h; path = ../../Source/SpectrumAnalyzer.h; sourceTree = SOURCE_ROOT; };
		4FAB1FA6B4094EBE93C868F0 /* juce_audio_plugin_client */ = {isa = PBXFileReference; lastKnownFileType = folder; name = juce_audio_plugin_client; path = "~/JUCE/modules/juce_audio_plugin_client"; sourceTree = "<absolute>"; };
		5C61FC9EEDAA9C65AF92D464 /* ZEN.component */ = {isa = PBXFileReference; explicitFileType = wrapper.cfbundle; includeInIndex = 0; path = ZEN.component; sourceTree = BUILT_PRODUCTS_DIR; };
		5EF0F933DB9358ADBAF2FC99 /* include_juce_audio_basics.mm */ = {isa = PBXFileReference; lastKnownFileType = sourcecode.cpp.objcpp; name = include_juce_audio_basics.mm; path = ../../JuceLibraryCode/include_juce_audio_basics.mm; sourceTree = SOURCE_ROOT; };
		623D7544BC663ADAA9622ABA /* IOKit.framework */ = {isa = PBXFileReference; lastKnownFileType = wrapper.framework; name = IOKit.framework; path = System/Library/Frameworks/IOKit.framework; sourceTree = SDKROOT; };
		644E9B044E19BA6F0A060B75 /* PluginEditor.h */ = {isa = PBXFileReference; lastKnownFileType = sourcecode.c.h; name = PluginEditor.h; path = ../../Source/PluginEditor.h; sourceTree = SOURCE_ROOT; };
		6889530DC0AE278C1DBF2BF7 /* juce_audio_devices */ = {isa = PBXFileReference; lastKnownFileType = folder; name = juce_audio_devices; path = "~/JUCE/modules/juce_audio_devices"; sourceTree = "<absolute>"; };
		691D3DA2FB1534FEF0F1A4F7 /* ZEN.app */ = {isa = PBXFileReference; explicitFileType = wrapper.application; includeInIndex = 0; path = ZEN.app; sourceTree = BUILT_PRODUCTS_DIR; };
		6C81E61C80496614A178854D /* include_juce_audio_plugin_client_utils.cpp */ = {isa = PBXFileReference; lastKnownFileType = sourcecode.cpp.cpp; name = include_juce_audio_plugin_client_utils.cpp; path = ../../JuceLibraryCode/include_juce_audio_plugin_client_utils.cpp; sourceTree = SOURCE_ROOT; };
		7300FCF182C12A53375D80BC /* include_juce_core.mm */ = {isa = PBXFileReference; lastKnownFileType = sourcecode.cpp.objcpp; name = include_juce_core.mm; path = ../../JuceLibraryCode/include_juce_core.mm; sourceTree = SOURCE_ROOT; };
		741DCFB7DF6F7C484CE408D6 /* juce_data_structures */ = {isa = PBXFileReference; lastKnownFileType = folder; name = juce_data_structures; path = "~/JUCE/modules/juce_data_structures"; sourceTree = "<absolute>"; };
		77DADB3105A3CFB64BE87200 /* AVKit.framework */ = {isa = PBXFileReference; lastKnownFileType = wrapper.framework; name = AVKit.framework; path = System/Library/Frameworks/AVKit.framework; sourceTree = SDKROOT; };
		78AF9C1EAD9A953A154EFA81 /* juce_audio_formats */ = {isa = PBXFileReference; lastKnownFileType = folder; name = juce_audio_formats; path = "~/JUCE/modules/juce_audio_formats"; sourceTree = "<absolute>"; };
		7A3B8E19E000A7A4B7DD7C44 /* AppConfig.h */ = {isa = PBXFileReference; lastKnownFileType = sourcecode.c.h; name = AppConfig.h; path = ../../JuceLibraryCode/AppConfig.h; sourceTree = SOURCE_ROOT; };
		7D88A02E53C22BA71DD3798A /* Info-Standalone_Plugin.plist */ = {isa = PBXFileReference; lastKnownFileType = text.plist.xml; path = "Info-Standalone_Plugin.plist"; sourceTree = SOURCE_ROOT; };
		80964CE5DBED496F23504F77 /* include_juce_audio_plugin_client_AU.r */ = {isa = PBXFileReference; lastKnownFileType = file.r; name = include_juce_audio_plugin_client_AU.r; path = ../../JuceLibraryCode/include_juce_audio_plugin_client_AU.r; sourceTree = SOURCE_ROOT; };
		8266FD22513ED386343BC743 /* juce_cryptography */ = {isa = PBXFileReference; lastKnownFileType = folder; name = juce_cryptography; path = "~/JUCE/modules/juce_cryptography"; sourceTree = "<absolute>"; };
		86EE36EDADDECAA12E7424BD /* include_juce_audio_devices.mm */ = {isa = PBXFileReference; lastKnownFileType = sourcecode.cpp.objcpp; name = include_juce_audio_devices.mm; path = ../../JuceLibraryCode/include_juce_audio_devices.mm; sourceTree = SOURCE_ROOT; };
		883EFA6E6FA886473E385AD7 /* Foundation.framework */ = {isa = PBXFileReference; lastKnownFileType = wrapper.framework; name = Foundation.framework; path = System/Library/Frameworks/Foundation.framework; sourceTree = SDKROOT; };
		8B9613C966CC375CEE8C1ED5 /* include_juce_video.mm */ = {isa = PBXFileReference; lastKnownFileType = sourcecode.cpp.objcpp; name = include_juce_video.mm; path = ../../JuceLibraryCode/include_juce_video.mm; sourceTree = SOURCE_ROOT; };
		8BF3871AF99D1A6EF3E51E19 /* Cocoa.framework */ = {isa = PBXFileReference; lastKnownFileType = wrapper.framework; name = Cocoa.framework; path = System/Library/Frameworks/Cocoa.framework; sourceTree = SDKROOT; };
		8D88B3DFFFD690D985DD4531 /* include_juce_events.mm */ = {isa = PBXFileReference; lastKnownFileType = sourcecode.cpp.objcpp; name = include_juce_events.mm; path = ../../JuceLibraryCode/include_juce_events.mm; sourceTree = SOURCE_ROOT; };
		90B65B7356ED20CDE1E41E72 /* include_juce_audio_processors.mm */ = {isa = PBXFileReference; lastKnownFileType = sourcecode.cpp.objcpp; name = include_juce_audio_processors.mm; path = ../../JuceLibraryCode/include_juce_audio_processors.mm; sourceTree = SOURCE_ROOT; };
		90EA386EB0D57DF245D03F44 /* ZENLink.h */ = {isa = PBXFileReference; lastKnownFileType = sourcecode.c.h; name = ZENLink.h; path = ../../Source/ZENLink.h; sourceTree = SOURCE_ROOT; };
		9906AA6F89905D62DECCF6CD /* include_juce_audio_formats.mm */ = {isa = PBXFileReference; lastKnownFileType = sourcecode.cpp.objcpp; name = include_juce_audio_formats.mm; path = ../../JuceLibraryCode/include_juce_audio_formats.mm; sourceTree = SOURCE_ROOT; };
		9AD174A063DE9AD9B7F0A4EE /* Info-AU.plist */ = {isa = PBXFileReference; lastKnownFileType = text.plist.xml; path = "Info-AU.plist"; sourceTree = SOURCE_ROOT; };
		9B7FB7BD0356BA1801572423 /* CoreAudioKit.framework */ = {isa = PBXFileReference; lastKnownFileType = wrapper.framework; name = CoreAudioKit.framework; path = System/Library/Frameworks/CoreAudioKit.framework; sourceTree = SDKROOT; };
		9E8F106C4DCBD55B48E54D99 /* include_juce_gui_extra.mm */ = {isa = PBXFileReference; lastKnownFileType = sourcecode.cpp.objcpp; name = include_juce_gui_extra.mm; path = ../../JuceLibraryCode/include_juce_gui_extra.mm; sourceTree = SOURCE_ROOT; };
		A02CE6774629795DA35BE4FB /* QuartzCore.framework */ = {isa = PBXFileReference; lastKnownFileType = wrapper.framework; name = QuartzCore.framework; path = System/Library/Frameworks/QuartzCore.framework; sourceTree = SDKROOT; };
		A2F656E4A6F5E2FFBD909D9D /* Carbon.framework */ = {isa = PBXFileReference; lastKnownFileType = wrapper.framework; name = Carbon.framework; path = System/Library/Frameworks/Carbon.framework; sourceTree = SDKROOT; };
		A31C7380FB7A820B36691533 /* include_juce_gui_basics.mm */ = {isa = PBXFileReference; lastKnownFileType = sourcecode.cpp.objcpp; name = include_juce_gui_basics.mm; path = ../../JuceLibraryCode/include_juce_gui_basics.mm; sourceTree = SOURCE_ROOT; };
		A5EA213383E6A69C8160AF6A /* juce_gui_extra */ = {isa = PBXFileReference; lastKnownFileType = folder; name = juce_gui_extra; path = "~/JUCE/modules/juce_gui_extra"; sourceTree = "<absolute>"; };
		A810512FE4F6CB3D86365DEA /* libZEN.a */ = {isa = PBXFileReference; explicitFileType = archive.ar; includeInIndex = 0; path = libZEN.a; sourceTree = BUILT_PRODUCTS_DIR; };
		ADF1246985BCDF6AEF25C349 /* juce_gui_basics */ = {isa = PBXFileReference; lastKnownFileType = folder; name = juce_gui_basics; path = "~/JUCE/modules/juce_gui_basics"; sourceTree = "<absolute>"; };
		AF1DF4ADA2A45F10146E39C1 /* juce_dsp */ = {isa = PBXFileReference; lastKnownFileType = folder; name = juce_dsp; path = "~/JUCE/modules/juce_dsp"; sourceTree = "<absolute>"; };
		B032F73DC7B2E77C7AEC5432 /* UIComponent.h */ = {isa = PBXFileReference; lastKnownFileType = sourcecode.c.h; name = UIComponent.h; path = ../../Source/UIComponent.h; sourceTree = SOURCE_ROOT; };
		BBAF29EE74FB1815F3235DFA /* PluginEditor.cpp */ = {isa = PBXFileReference; lastKnownFileType = sourcecode.cpp.cpp; name = PluginEditor.cpp; path = ../../Source/PluginEditor.cpp; sourceTree = SOURCE_ROOT; };
		BC43D25503BBF744561332BB /* CoreAudio.framework */ = {isa = PBXFileReference; lastKnownFileType = wrapper.framework; name = CoreAudio.framework; path = System/Library/Frameworks/CoreAudio.framework; sourceTree = SDKROOT; };
		C172618C5FE40E61CE521B8E /* juce_core */ = {isa = PBXFileReference; lastKnownFileType = folder; name = juce_core; path = "~/JUCE/modules/juce_core"; sourceTree = "<absolute>"; };
		C86BBF785DDDD1525B3F5B8B /* ZenProcessor.h */ = {isa = PBXFileReference; lastKnownFileType = sourcecode.c.h; name = ZenProcessor.h; path = ../../Source/ZenProcessor.h; sourceTree = SOURCE_ROOT; };
		CFFFACFD5B08202EE5A47D06 /* juce_graphics */ = {isa = PBXFileReference; lastKnownFileType = folder; name = juce_graphics; path = "~/JUCE/modules/juce_graphics"; sourceTree = "<absolute>"; };
		D1398EE7BFE93B758749B73A /* juce_audio_utils */ = {isa = PBXFileReference; lastKnownFileType = folder; name = juce_audio_utils; path = "~/JUCE/modules/juce_audio_utils"; sourceTree = "<absolute>"; };
		D4C3DE7EEE9FDF78B092A983 /* AudioToolbox.framework */ = {isa = PBXFileReference; lastKnownFileType = wrapper.framework; name = AudioToolbox.framework; path = System/Library/Frameworks/AudioToolbox.framework; sourceTree = SDKROOT; };
		D6B4932C6FD2F3AF3442ADE3 /* RecentFilesMenuTemplate.nib */ = {isa = PBXFileReference; lastKnownFileType = file.nib; path = RecentFilesMenuTemplate.nib; sourceTree = SOURCE_ROOT; };
		DA3DA1C24F3340A218B27E6E /* PluginProcessor.h */ = {isa = PBXFileReference; lastKnownFileType = sourcecode.c.h; name = PluginProcessor.h; path = ../../Source/PluginProcessor.h; sourceTree = SOURCE_ROOT; };
		DB52E9A20C9530064746B0C8 /* include_juce_cryptography.mm */ = {isa = PBXFileReference; lastKnownFileType = sourcecode.cpp.objcpp; name = include_juce_cryptography.mm; path = ../../JuceLibraryCode/include_juce_cryptography.mm; sourceTree = SOURCE_ROOT; };
		E648B1B4BC65898C1E4126B1 /* OpenGL.framework */ = {isa = PBXFileReference; lastKnownFileType = wrapper.framework; name = OpenGL.framework; path = System/Library/Frameworks/OpenGL.framework; sourceTree = SDKROOT; };
		E6D84C657F070A26C785314D /* WebKit.framework */ = {isa = PBXFileReference; lastKnownFileType = wrapper.framework; name = WebKit.framework; path = System/Library/Frameworks/WebKit.framework; sourceTree = SDKROOT; };
		E979F0BC02437A33C6CA5FFC /* DiscRecording.framework */ = {isa = PBXFileReference; lastKnownFileType = wrapper.framework; name = DiscRecording.framework; path = System/Library/Frameworks/DiscRecording.framework; sourceTree = SDKROOT; };
		EDEEB6BD10AAF09167E1D630 /* include_juce_audio_utils.mm */ = {isa = PBXFileReference; lastKnownFileType = sourcecode.cpp.objcpp; name = include_juce_audio_utils.mm; path = ../../JuceLibraryCode/include_juce_audio_utils.mm; sourceTree = SOURCE_ROOT; };
		F476ADDF22CCB48145382207 /* include_juce_audio_plugin_client_AU_2.mm */ = {isa = PBXFileReference; lastKnownFileType = sourcecode.cpp.objcpp; name = include_juce_audio_plugin_client_AU_2.mm; path = ../../JuceLibraryCode/include_juce_audio_plugin_client_AU_2.mm; sourceTree = SOURCE_ROOT; };
		F75B8EF939CE0E50DCCB4B98 /* ZENLink.cpp */ = {isa = PBXFileReference; lastKnownFileType = sourcecode.cpp.cpp; name = ZENLink.cpp; path = ../../Source/ZENLink.cpp; sourceTree = SOURCE_ROOT; };
		F896305D266A197A39FA4248 /* include_juce_audio_plugin_client_Standalone.cpp */ = {isa = PBXFileReference; lastKnownFileType = sourcecode.cpp.cpp; name = include_juce_audio_plugin_client_Standalone.cpp; path = ../../JuceLibraryCode/include_juce_audio_plugin_client_Standalone.cpp; sourceTree = SOURCE_ROOT; };
		F9CEADA6770E567D23F59F4B /* include_juce_audio_plugin_client_AU_1.mm */ = {isa = PBXFileReference; lastKnownFileType = sourcecode.cpp.objcpp; name = include_juce_audio_plugin_client_AU_1.mm; path = ../../JuceLibraryCode/include_juce_audio_plugin_client_AU_1.mm; sourceTree = SOURCE_ROOT; };
/* End PBXFileReference section */

/* Begin PBXFrameworksBuildPhase section */
		ACEE614998B2840F0090D699 /* Frameworks */ = {
			isa = PBXFrameworksBuildPhase;
			buildActionMask = 2147483647;
			files = (
				13D12EB7268070AF00A08B1A /* Accelerate.framework in Frameworks */,
				13D12EB8268070AF00A08B1A /* AudioToolbox.framework in Frameworks */,
				13D12EB9268070AF00A08B1A /* AVFoundation.framework in Frameworks */,
				13D12EBA268070AF00A08B1A /* AVKit.framework in Frameworks */,
				13D12EBB268070AF00A08B1A /* Carbon.framework in Frameworks */,
				13D12EBC268070AF00A08B1A /* Cocoa.framework in Frameworks */,
				13D12EBD268070AF00A08B1A /* CoreAudio.framework in Frameworks */,
				13D12EBE268070AF00A08B1A /* CoreAudioKit.framework in Frameworks */,
				13D12EBF268070AF00A08B1A /* CoreMedia.framework in Frameworks */,
				13D12EC0268070AF00A08B1A /* CoreMIDI.framework in Frameworks */,
				13D12EC1268070AF00A08B1A /* DiscRecording.framework in Frameworks */,
				13D12EC2268070AF00A08B1A /* Foundation.framework in Frameworks */,
				13D12EC3268070AF00A08B1A /* IOKit.framework in Frameworks */,
				13D12EC4268070AF00A08B1A /* OpenGL.framework in Frameworks */,
				13D12EC5268070AF00A08B1A /* QuartzCore.framework in Frameworks */,
				13D12EC6268070AF00A08B1A /* WebKit.framework in Frameworks */,
			);
			runOnlyForDeploymentPostprocessing = 0;
		};
		E56BB4B0BDE1BA835932CC4B /* Frameworks */ = {
			isa = PBXFrameworksBuildPhase;
			buildActionMask = 2147483647;
			files = (
				2B50868CA0269476721400A6 /* AudioUnit.framework in Frameworks */,
				B5C0BF4A407766099282BE3A /* Accelerate.framework in Frameworks */,
				1216FC02EE4B87FBCD3F1969 /* AudioToolbox.framework in Frameworks */,
				18701FA8CCA3A575D594B833 /* AVFoundation.framework in Frameworks */,
				C6478BD80F0478BE9FC035EC /* AVKit.framework in Frameworks */,
				693B53753CAD365D27953CF8 /* Carbon.framework in Frameworks */,
				EEC8687983775E4A14DE8AA7 /* Cocoa.framework in Frameworks */,
				724E8DDA8698FB03B3A376CA /* CoreAudio.framework in Frameworks */,
				44F97E98B536E899E770820E /* CoreAudioKit.framework in Frameworks */,
				600452722658F06FD337B57B /* CoreMedia.framework in Frameworks */,
				3756FED206F6D92362F162B0 /* CoreMIDI.framework in Frameworks */,
				18E640B9BDD274A18B222356 /* DiscRecording.framework in Frameworks */,
				FBE5F20CE3A3D0B9192CD394 /* Foundation.framework in Frameworks */,
				96991F23CE8046D002F64812 /* IOKit.framework in Frameworks */,
				E960B4E27C66D1DC6FFABDC0 /* OpenGL.framework in Frameworks */,
				FCF92E1A93F7FB7117DC56E4 /* QuartzCore.framework in Frameworks */,
				54C6777BC42EAEAA22E4A360 /* WebKit.framework in Frameworks */,
			);
			runOnlyForDeploymentPostprocessing = 0;
		};
/* End PBXFrameworksBuildPhase section */

/* Begin PBXGroup section */
		13FF554E26A18B6F001782D3 /* source */ = {
			isa = PBXGroup;
			children = (
				13FF555726A18B6F001782D3 /* audio */,
				13FF557426A18B6F001782D3 /* dsp.h */,
				13FF557626A18B6F001782D3 /* zen_AudioInstance.h */,
				13FF555526A18B6F001782D3 /* zen_circular_buffer.cpp */,
				13FF555126A18B6F001782D3 /* zen_circular_buffer.h */,
				13FF555026A18B6F001782D3 /* zen_debug.cpp */,
				13FF557726A18B6F001782D3 /* zen_debug.h */,
				13FF554F26A18B6F001782D3 /* zen_interpolator.h */,
				13FF555326A18B6F001782D3 /* zen_math.h */,
				13FF557526A18B6F001782D3 /* zen_memory.cpp */,
				13FF557226A18B6F001782D3 /* zen_memory.h */,
				13FF555426A18B6F001782D3 /* zen-math.c */,
				13FF555226A18B6F001782D3 /* zen.cpp */,
				13FF557326A18B6F001782D3 /* zen.h */,
			);
			name = source;
			path = ../../../source;
			sourceTree = "<group>";
		};
		13FF555726A18B6F001782D3 /* audio */ = {
			isa = PBXGroup;
			children = (
				13FF555826A18B6F001782D3 /* zen_sampler.c */,
				13FF555926A18B6F001782D3 /* index.h */,
				13FF555A26A18B6F001782D3 /* zen_delay.h */,
				13FF555B26A18B6F001782D3 /* zen_envelope.h */,
				13FF555C26A18B6F001782D3 /* zen_svf.h */,
				13FF555D26A18B6F001782D3 /* zen_fader.c */,
				13FF555F26A18B6F001782D3 /* zen_zero_crossing.c */,
				13FF556026A18B6F001782D3 /* zen_wave.h */,
				13FF556126A18B6F001782D3 /* zen_bitcrush.c */,
				13FF556226A18B6F001782D3 /* zen_multiwave.c */,
				13FF556326A18B6F001782D3 /* zen_mixer.h */,
				13FF556426A18B6F001782D3 /* zen_filters.h */,
				13FF556526A18B6F001782D3 /* zen_modulation.h */,
				13FF556626A18B6F001782D3 /* zen_fader.h */,
				13FF556726A18B6F001782D3 /* zen_envelope.c */,
				13FF556826A18B6F001782D3 /* zen_sampler.h */,
				13FF556926A18B6F001782D3 /* zen_zero_crossing.h */,
				13FF556A26A18B6F001782D3 /* zen_modulation.c */,
				13FF556B26A18B6F001782D3 /* delay.h */,
				13FF556C26A18B6F001782D3 /* zen_filters.c */,
				13FF556D26A18B6F001782D3 /* feedback.h */,
				13FF556E26A18B6F001782D3 /* zen_mixer.c */,
				13FF556F26A18B6F001782D3 /* delay_line.h */,
				13FF557026A18B6F001782D3 /* zen_bitcrush.h */,
				13FF557126A18B6F001782D3 /* compressor.h */,
			);
			path = audio;
			sourceTree = "<group>";
		};
		179C3033A6491B572CCFE3A3 /* Source */ = {
			isa = PBXGroup;
			children = (
				649166A0077919D2FDCAC7A2 /* Test */,
				C2D5F932B1A26D8C4BC88592 /* Wrapper */,
			);
			name = Source;
			sourceTree = "<group>";
		};
		4FFA49177A26F506323A400C /* JUCE Modules */ = {
			isa = PBXGroup;
			children = (
				368FAE514D22FF3BE327F843 /* juce_audio_basics */,
				6889530DC0AE278C1DBF2BF7 /* juce_audio_devices */,
				78AF9C1EAD9A953A154EFA81 /* juce_audio_formats */,
				4FAB1FA6B4094EBE93C868F0 /* juce_audio_plugin_client */,
				3452815E8EDC084F761066E7 /* juce_audio_processors */,
				D1398EE7BFE93B758749B73A /* juce_audio_utils */,
				C172618C5FE40E61CE521B8E /* juce_core */,
				8266FD22513ED386343BC743 /* juce_cryptography */,
				741DCFB7DF6F7C484CE408D6 /* juce_data_structures */,
				AF1DF4ADA2A45F10146E39C1 /* juce_dsp */,
				23F375AD42DA1A34A505E658 /* juce_events */,
				CFFFACFD5B08202EE5A47D06 /* juce_graphics */,
				ADF1246985BCDF6AEF25C349 /* juce_gui_basics */,
				A5EA213383E6A69C8160AF6A /* juce_gui_extra */,
				1B08BC892A1A11F888AC9A6D /* juce_opengl */,
				15D46B7CB6A6C563F85C215E /* juce_video */,
			);
			name = "JUCE Modules";
			sourceTree = "<group>";
		};
		649166A0077919D2FDCAC7A2 /* Test */ = {
			isa = PBXGroup;
			children = (
				1A807F6ACC93B58CDEF7CF7B /* ZenProcessor.cpp */,
				C86BBF785DDDD1525B3F5B8B /* ZenProcessor.h */,
				F75B8EF939CE0E50DCCB4B98 /* ZENLink.cpp */,
				90EA386EB0D57DF245D03F44 /* ZENLink.h */,
			);
			name = Test;
			sourceTree = "<group>";
		};
		654060997D874A9D939440B8 /* Plugin */ = {
			isa = PBXGroup;
			children = (
				86DD9A9EBDED16F4D34F04F0 /* Resources */,
				4FFA49177A26F506323A400C /* JUCE Modules */,
				D59B989FA35A6F4A3D32BC09 /* JUCE Library Code */,
				179C3033A6491B572CCFE3A3 /* Source */,
			);
			name = Plugin;
			sourceTree = SOURCE_ROOT;
		};
		86DD9A9EBDED16F4D34F04F0 /* Resources */ = {
			isa = PBXGroup;
			children = (
				9AD174A063DE9AD9B7F0A4EE /* Info-AU.plist */,
				7D88A02E53C22BA71DD3798A /* Info-Standalone_Plugin.plist */,
				D6B4932C6FD2F3AF3442ADE3 /* RecentFilesMenuTemplate.nib */,
			);
			name = Resources;
			sourceTree = "<group>";
		};
		9B58BB6F362098E6C2CBE45A /* Products */ = {
			isa = PBXGroup;
			children = (
				5C61FC9EEDAA9C65AF92D464 /* ZEN.component */,
				691D3DA2FB1534FEF0F1A4F7 /* ZEN.app */,
				A810512FE4F6CB3D86365DEA /* libZEN.a */,
			);
			name = Products;
			sourceTree = "<group>";
		};
		C2D5F932B1A26D8C4BC88592 /* Wrapper */ = {
			isa = PBXGroup;
			children = (
				4CEC84F01E5D28B38C8AFDBA /* SpectrumAnalyzer.h */,
				2E0B37C154BCB8885B712C35 /* Globals.h */,
				B032F73DC7B2E77C7AEC5432 /* UIComponent.h */,
				19A742736B41FDD7EC76D86A /* UIComponent.cpp */,
				DA3DA1C24F3340A218B27E6E /* PluginProcessor.h */,
				18F469115F89863516BE86BC /* PluginProcessor.cpp */,
				644E9B044E19BA6F0A060B75 /* PluginEditor.h */,
				BBAF29EE74FB1815F3235DFA /* PluginEditor.cpp */,
			);
			name = Wrapper;
			sourceTree = "<group>";
		};
		D59B989FA35A6F4A3D32BC09 /* JUCE Library Code */ = {
			isa = PBXGroup;
			children = (
				7A3B8E19E000A7A4B7DD7C44 /* AppConfig.h */,
				5EF0F933DB9358ADBAF2FC99 /* include_juce_audio_basics.mm */,
				86EE36EDADDECAA12E7424BD /* include_juce_audio_devices.mm */,
				9906AA6F89905D62DECCF6CD /* include_juce_audio_formats.mm */,
				80964CE5DBED496F23504F77 /* include_juce_audio_plugin_client_AU.r */,
				F9CEADA6770E567D23F59F4B /* include_juce_audio_plugin_client_AU_1.mm */,
				F476ADDF22CCB48145382207 /* include_juce_audio_plugin_client_AU_2.mm */,
				F896305D266A197A39FA4248 /* include_juce_audio_plugin_client_Standalone.cpp */,
				6C81E61C80496614A178854D /* include_juce_audio_plugin_client_utils.cpp */,
				29468D288C7F83A4DC6A4768 /* include_juce_audio_plugin_client_VST_utils.mm */,
				90B65B7356ED20CDE1E41E72 /* include_juce_audio_processors.mm */,
				EDEEB6BD10AAF09167E1D630 /* include_juce_audio_utils.mm */,
				7300FCF182C12A53375D80BC /* include_juce_core.mm */,
				DB52E9A20C9530064746B0C8 /* include_juce_cryptography.mm */,
				2D3DC12554D0AF5C85AA6A66 /* include_juce_data_structures.mm */,
				07CD58703B588A8C2795F112 /* include_juce_dsp.mm */,
				8D88B3DFFFD690D985DD4531 /* include_juce_events.mm */,
				300CB436584205513E021D9C /* include_juce_graphics.mm */,
				A31C7380FB7A820B36691533 /* include_juce_gui_basics.mm */,
				9E8F106C4DCBD55B48E54D99 /* include_juce_gui_extra.mm */,
				3EB084EFCDCB5A6345AB3DD3 /* include_juce_opengl.mm */,
				8B9613C966CC375CEE8C1ED5 /* include_juce_video.mm */,
				3B7560A2848C7A5E6CC6C7BE /* JuceHeader.h */,
				44B766C28C4F44C59B84F472 /* JucePluginDefines.h */,
			);
			name = "JUCE Library Code";
			sourceTree = "<group>";
		};
		E8133F6335F35E4D8F81AE05 /* Source */ = {
			isa = PBXGroup;
			children = (
				13FF554E26A18B6F001782D3 /* source */,
				654060997D874A9D939440B8 /* Plugin */,
				EBE9804C0E1E03B79662C5DB /* Frameworks */,
				9B58BB6F362098E6C2CBE45A /* Products */,
			);
			name = Source;
			sourceTree = "<group>";
		};
		EBE9804C0E1E03B79662C5DB /* Frameworks */ = {
			isa = PBXGroup;
			children = (
				2246AF1F1BD3734FE1F5F10D /* AudioUnit.framework */,
				4A87F119D8D96583AD5906FA /* Accelerate.framework */,
				D4C3DE7EEE9FDF78B092A983 /* AudioToolbox.framework */,
				3ED95C28EAC3C3F110E09D1D /* AVFoundation.framework */,
				77DADB3105A3CFB64BE87200 /* AVKit.framework */,
				A2F656E4A6F5E2FFBD909D9D /* Carbon.framework */,
				8BF3871AF99D1A6EF3E51E19 /* Cocoa.framework */,
				BC43D25503BBF744561332BB /* CoreAudio.framework */,
				9B7FB7BD0356BA1801572423 /* CoreAudioKit.framework */,
				2C7CD9EAAD3E2A428D9684F7 /* CoreMedia.framework */,
				37CE5ED9AE70FABA5701E06C /* CoreMIDI.framework */,
				E979F0BC02437A33C6CA5FFC /* DiscRecording.framework */,
				883EFA6E6FA886473E385AD7 /* Foundation.framework */,
				623D7544BC663ADAA9622ABA /* IOKit.framework */,
				E648B1B4BC65898C1E4126B1 /* OpenGL.framework */,
				A02CE6774629795DA35BE4FB /* QuartzCore.framework */,
				E6D84C657F070A26C785314D /* WebKit.framework */,
			);
			name = Frameworks;
			sourceTree = "<group>";
		};
/* End PBXGroup section */

/* Begin PBXNativeTarget section */
		5D7C456B0368AA9533D8911C /* ZenPlugin - Shared Code */ = {
			isa = PBXNativeTarget;
			buildConfigurationList = 1930D53971389744152980FA /* Build configuration list for PBXNativeTarget "ZenPlugin - Shared Code" */;
			buildPhases = (
				34EF69715757D8C9AE5B2BD8 /* Sources */,
			);
			buildRules = (
			);
			dependencies = (
			);
			name = "ZenPlugin - Shared Code";
			productName = ZenPlugin;
			productReference = A810512FE4F6CB3D86365DEA /* libZEN.a */;
			productType = "com.apple.product-type.library.static";
		};
		BAFDCAF7A363EFF0EAB70B96 /* ZenPlugin - AU */ = {
			isa = PBXNativeTarget;
			buildConfigurationList = 15FAEB34D6445E4585C4CB7E /* Build configuration list for PBXNativeTarget "ZenPlugin - AU" */;
			buildPhases = (
				F787991554AF86E46D438EE3 /* Resources */,
				FA06C4911FB099F0DB8A8867 /* Rez */,
				B0D329FC1C930ECF6BF4E235 /* Sources */,
				E56BB4B0BDE1BA835932CC4B /* Frameworks */,
			);
			buildRules = (
			);
			dependencies = (
				A3BF4369D074071F8104CE24 /* PBXTargetDependency */,
			);
			name = "ZenPlugin - AU";
			productName = ZenPlugin;
			productReference = 5C61FC9EEDAA9C65AF92D464 /* ZEN.component */;
			productType = "com.apple.product-type.bundle";
		};
		FD2A7A705EDA702DB6C64BF9 /* ZenPlugin - Standalone Plugin */ = {
			isa = PBXNativeTarget;
			buildConfigurationList = 911BEA3B2AF9FAACADAF58E3 /* Build configuration list for PBXNativeTarget "ZenPlugin - Standalone Plugin" */;
			buildPhases = (
				6B1BC9AB348220F44F7EEC8D /* Resources */,
				15CEE49799DA191DC91926B7 /* Sources */,
				ACEE614998B2840F0090D699 /* Frameworks */,
			);
			buildRules = (
			);
			dependencies = (
				EC3CD8CD0F622A3D8B1A61A4 /* PBXTargetDependency */,
			);
			name = "ZenPlugin - Standalone Plugin";
			productName = ZenPlugin;
			productReference = 691D3DA2FB1534FEF0F1A4F7 /* ZEN.app */;
			productType = "com.apple.product-type.application";
		};
/* End PBXNativeTarget section */

/* Begin PBXProject section */
		6DFDA17080A9F446794D5D4B /* Project object */ = {
			isa = PBXProject;
			attributes = {
				LastUpgradeCheck = 1240;
				ORGANIZATIONNAME = Teknologic;
				TargetAttributes = {
					1322946847D323D413120CC1 = {
						SystemCapabilities = {
							com.apple.ApplicationGroups.iOS = {
								enabled = 0;
							};
							com.apple.HardenedRuntime = {
								enabled = 0;
							};
							com.apple.InAppPurchase = {
								enabled = 0;
							};
							com.apple.InterAppAudio = {
								enabled = 0;
							};
							com.apple.Push = {
								enabled = 0;
							};
							com.apple.Sandbox = {
								enabled = 0;
							};
						};
					};
					5D7C456B0368AA9533D8911C = {
						SystemCapabilities = {
							com.apple.ApplicationGroups.iOS = {
								enabled = 0;
							};
							com.apple.HardenedRuntime = {
								enabled = 0;
							};
							com.apple.InAppPurchase = {
								enabled = 0;
							};
							com.apple.InterAppAudio = {
								enabled = 0;
							};
							com.apple.Push = {
								enabled = 0;
							};
							com.apple.Sandbox = {
								enabled = 0;
							};
						};
					};
					BAFDCAF7A363EFF0EAB70B96 = {
						SystemCapabilities = {
							com.apple.ApplicationGroups.iOS = {
								enabled = 0;
							};
							com.apple.HardenedRuntime = {
								enabled = 0;
							};
							com.apple.InAppPurchase = {
								enabled = 0;
							};
							com.apple.InterAppAudio = {
								enabled = 0;
							};
							com.apple.Push = {
								enabled = 0;
							};
							com.apple.Sandbox = {
								enabled = 0;
							};
						};
					};
					FD2A7A705EDA702DB6C64BF9 = {
						SystemCapabilities = {
							com.apple.ApplicationGroups.iOS = {
								enabled = 0;
							};
							com.apple.HardenedRuntime = {
								enabled = 0;
							};
							com.apple.InAppPurchase = {
								enabled = 0;
							};
							com.apple.InterAppAudio = {
								enabled = 0;
							};
							com.apple.Push = {
								enabled = 0;
							};
							com.apple.Sandbox = {
								enabled = 0;
							};
						};
					};
				};
			};
			buildConfigurationList = C50F7A3399675EF31D798A62 /* Build configuration list for PBXProject "ZenDigitalProcessor" */;
			compatibilityVersion = "Xcode 3.2";
			developmentRegion = en;
			hasScannedForEncodings = 0;
			knownRegions = (
				en,
				Base,
			);
			mainGroup = E8133F6335F35E4D8F81AE05 /* Source */;
			projectDirPath = "";
			projectRoot = "";
			targets = (
				1322946847D323D413120CC1 /* ZenPlugin - All */,
				BAFDCAF7A363EFF0EAB70B96 /* ZenPlugin - AU */,
				FD2A7A705EDA702DB6C64BF9 /* ZenPlugin - Standalone Plugin */,
				5D7C456B0368AA9533D8911C /* ZenPlugin - Shared Code */,
			);
		};
/* End PBXProject section */

/* Begin PBXResourcesBuildPhase section */
		6B1BC9AB348220F44F7EEC8D /* Resources */ = {
			isa = PBXResourcesBuildPhase;
			buildActionMask = 2147483647;
			files = (
				13D12EB6268070AF00A08B1A /* RecentFilesMenuTemplate.nib in Resources */,
			);
			runOnlyForDeploymentPostprocessing = 0;
		};
		F787991554AF86E46D438EE3 /* Resources */ = {
			isa = PBXResourcesBuildPhase;
			buildActionMask = 2147483647;
			files = (
				E00CE24C01FD3CF482DD535D /* RecentFilesMenuTemplate.nib in Resources */,
			);
			runOnlyForDeploymentPostprocessing = 0;
		};
/* End PBXResourcesBuildPhase section */

/* Begin PBXRezBuildPhase section */
		FA06C4911FB099F0DB8A8867 /* Rez */ = {
			isa = PBXRezBuildPhase;
			buildActionMask = 2147483647;
			files = (
				FFC941D4142AF8A9A4B9EE0D /* include_juce_audio_plugin_client_AU.r in Rez */,
			);
			runOnlyForDeploymentPostprocessing = 0;
		};
/* End PBXRezBuildPhase section */

/* Begin PBXSourcesBuildPhase section */
		15CEE49799DA191DC91926B7 /* Sources */ = {
			isa = PBXSourcesBuildPhase;
			buildActionMask = 2147483647;
			files = (
				62C62B1347D26A14DD94C620 /* include_juce_audio_plugin_client_Standalone.cpp in Sources */,
			);
			runOnlyForDeploymentPostprocessing = 0;
		};
		34EF69715757D8C9AE5B2BD8 /* Sources */ = {
			isa = PBXSourcesBuildPhase;
			buildActionMask = 2147483647;
			files = (
				C76C1BD4990BE2FBEC49875F /* ZenProcessor.cpp in Sources */,
				A8A0D7FFF93C2117E10C8F99 /* ZENLink.cpp in Sources */,
				13FF557A26A18B6F001782D3 /* zen-math.c in Sources */,
				662B81F1E6B7CCAEE68A6071 /* UIComponent.cpp in Sources */,
				C8263B08A180CBC6F7D25D15 /* PluginProcessor.cpp in Sources */,
				63289256A867BCF46D230DC4 /* PluginEditor.cpp in Sources */,
				FF03E1847822DFC72C983799 /* include_juce_audio_basics.mm in Sources */,
				257BB23CBAE55D8AD1B6BFB6 /* include_juce_audio_devices.mm in Sources */,
				99CF5C370067AFECE3325927 /* include_juce_audio_formats.mm in Sources */,
				23E347F5E45749F48BE4BA0A /* include_juce_audio_plugin_client_utils.cpp in Sources */,
				14ADEA9EF8E395A3ABEF7DC7 /* include_juce_audio_plugin_client_VST_utils.mm in Sources */,
				13FF557B26A18B6F001782D3 /* zen_circular_buffer.cpp in Sources */,
				0EFAA49E3309D2D539AB0322 /* include_juce_audio_processors.mm in Sources */,
				FA44AB96697E149D4A611E15 /* include_juce_audio_utils.mm in Sources */,
				13FF557826A18B6F001782D3 /* zen_debug.cpp in Sources */,
				A972CC6AF3C86020C97EC721 /* include_juce_core.mm in Sources */,
				9FB113D82D1A5D34E30A7E22 /* include_juce_cryptography.mm in Sources */,
				9BF7E87CA1FF93EBA87803CB /* include_juce_data_structures.mm in Sources */,
				BF389104288CF713683CA0C6 /* include_juce_dsp.mm in Sources */,
				E49C10523CE35360371AF2BE /* include_juce_events.mm in Sources */,
				5C4BEC0E1F267236E4E4446D /* include_juce_graphics.mm in Sources */,
				BBEFF8E5C01F8CD50AD801BB /* include_juce_gui_basics.mm in Sources */,
				82835C07B8A35382EEBA2577 /* include_juce_gui_extra.mm in Sources */,
				13FF558626A18B6F001782D3 /* zen_memory.cpp in Sources */,
				13FF557926A18B6F001782D3 /* zen.cpp in Sources */,
				DC940AFB0F70DCF6ACBCE8B7 /* include_juce_opengl.mm in Sources */,
				51BAB5C6EE36EB0C53881D7D /* include_juce_video.mm in Sources */,
			);
			runOnlyForDeploymentPostprocessing = 0;
		};
		B0D329FC1C930ECF6BF4E235 /* Sources */ = {
			isa = PBXSourcesBuildPhase;
			buildActionMask = 2147483647;
			files = (
				A79F8A11025D64C399DBC70D /* include_juce_audio_plugin_client_AU_1.mm in Sources */,
				46F73F7071C90A24DD152FE5 /* include_juce_audio_plugin_client_AU_2.mm in Sources */,
			);
			runOnlyForDeploymentPostprocessing = 0;
		};
/* End PBXSourcesBuildPhase section */

/* Begin PBXTargetDependency section */
		28CDE5C79AEB7104D6B5258E /* PBXTargetDependency */ = {
			isa = PBXTargetDependency;
			target = BAFDCAF7A363EFF0EAB70B96 /* ZenPlugin - AU */;
			targetProxy = 13D12EC9268070B500A08B1A /* PBXContainerItemProxy */;
		};
		A27402059E15DF3900EEB409 /* PBXTargetDependency */ = {
			isa = PBXTargetDependency;
			target = FD2A7A705EDA702DB6C64BF9 /* ZenPlugin - Standalone Plugin */;
			targetProxy = 13D12ECA268070B500A08B1A /* PBXContainerItemProxy */;
		};
		A3BF4369D074071F8104CE24 /* PBXTargetDependency */ = {
			isa = PBXTargetDependency;
			target = 5D7C456B0368AA9533D8911C /* ZenPlugin - Shared Code */;
			targetProxy = 13D12EC7268070B400A08B1A /* PBXContainerItemProxy */;
		};
		DCADEF0AB77A4EB29031FDCE /* PBXTargetDependency */ = {
			isa = PBXTargetDependency;
			target = 5D7C456B0368AA9533D8911C /* ZenPlugin - Shared Code */;
			targetProxy = 13D12ECB268070B500A08B1A /* PBXContainerItemProxy */;
		};
		EC3CD8CD0F622A3D8B1A61A4 /* PBXTargetDependency */ = {
			isa = PBXTargetDependency;
			target = 5D7C456B0368AA9533D8911C /* ZenPlugin - Shared Code */;
			targetProxy = 13D12EC8268070B400A08B1A /* PBXContainerItemProxy */;
		};
/* End PBXTargetDependency section */

/* Begin XCBuildConfiguration section */
		2FBCC90B16F562BBCBFE564E /* Release */ = {
			isa = XCBuildConfiguration;
			buildSettings = {
				CLANG_CXX_LANGUAGE_STANDARD = "c++14";
				CLANG_CXX_LIBRARY = "libc++";
				CLANG_LINK_OBJC_RUNTIME = NO;
				CODE_SIGN_IDENTITY = "";
				COMBINE_HIDPI_IMAGES = YES;
				CONFIGURATION_BUILD_DIR = "$(PROJECT_DIR)/build/$(CONFIGURATION)";
				DEAD_CODE_STRIPPING = YES;
				GCC_GENERATE_DEBUGGING_SYMBOLS = NO;
				GCC_OPTIMIZATION_LEVEL = 3;
				GCC_PREPROCESSOR_DEFINITIONS = (
					"_NDEBUG=1",
					"NDEBUG=1",
					"JUCER_XCODE_MAC_F6D2F4CF=1",
					"JUCE_APP_VERSION=0.0.1",
					"JUCE_APP_VERSION_HEX=0x1",
					"JucePlugin_Build_VST=0",
					"JucePlugin_Build_VST3=0",
					"JucePlugin_Build_AU=1",
					"JucePlugin_Build_AUv3=0",
					"JucePlugin_Build_RTAS=0",
					"JucePlugin_Build_AAX=0",
					"JucePlugin_Build_Standalone=1",
					"JucePlugin_Build_Unity=0",
					"JUCE_SHARED_CODE=1",
				);
				GCC_VERSION = com.apple.compilers.llvm.clang.1_0;
				HEADER_SEARCH_PATHS = (
					"$(SRCROOT)/../../JuceLibraryCode",
					"$(HOME)/JUCE/modules",
					"$(HOME)/JUCE/modules/juce_audio_plugin_client",
					"$(inherited)",
				);
				INSTALL_PATH = "@executable_path/../Frameworks";
				LLVM_LTO = YES;
				MACOSX_DEPLOYMENT_TARGET = 10.11;
				MTL_HEADER_SEARCH_PATHS = "$(SRCROOT)/../../JuceLibraryCode $(HOME)/JUCE/modules $(HOME)/JUCE/modules/juce_audio_plugin_client";
				PRODUCT_BUNDLE_IDENTIFIER = com.peersky.ZEN;
				PRODUCT_NAME = ZEN;
				SKIP_INSTALL = YES;
				USE_HEADERMAP = NO;
				VALIDATE_WORKSPACE_SKIPPED_SDK_FRAMEWORKS = OpenGL;
				VALID_ARCHS = "i386 x86_64 arm64 arm64e";
			};
			name = Release;
		};
		407663599ACA81FAADD553BF /* Debug */ = {
			isa = XCBuildConfiguration;
			buildSettings = {
				MACOSX_DEPLOYMENT_TARGET = 10.11;
				SDKROOT = macosx;
			};
			name = Debug;
		};
		4F44D44F22881DC34AE6B961 /* Debug */ = {
			isa = XCBuildConfiguration;
			buildSettings = {
				CLANG_CXX_LANGUAGE_STANDARD = "c++14";
				CLANG_CXX_LIBRARY = "libc++";
				CLANG_LINK_OBJC_RUNTIME = NO;
				CODE_SIGN_IDENTITY = "";
				COMBINE_HIDPI_IMAGES = YES;
				CONFIGURATION_BUILD_DIR = "$(PROJECT_DIR)/build/$(CONFIGURATION)";
				COPY_PHASE_STRIP = NO;
				GCC_DYNAMIC_NO_PIC = NO;
				GCC_OPTIMIZATION_LEVEL = 0;
				GCC_PREPROCESSOR_DEFINITIONS = (
					"_DEBUG=1",
					"DEBUG=1",
					"JUCER_XCODE_MAC_F6D2F4CF=1",
					"JUCE_APP_VERSION=0.0.1",
					"JUCE_APP_VERSION_HEX=0x1",
					"JucePlugin_Build_VST=0",
					"JucePlugin_Build_VST3=0",
					"JucePlugin_Build_AU=0",
					"JucePlugin_Build_AUv3=0",
					"JucePlugin_Build_RTAS=0",
					"JucePlugin_Build_AAX=0",
					"JucePlugin_Build_Standalone=1",
					"JucePlugin_Build_Unity=0",
				);
				GCC_VERSION = com.apple.compilers.llvm.clang.1_0;
				HEADER_SEARCH_PATHS = (
					"$(SRCROOT)/../../JuceLibraryCode",
					"$(HOME)/JUCE/modules",
					"$(HOME)/JUCE/modules/juce_audio_plugin_client",
					"$(inherited)",
				);
				INFOPLIST_FILE = "Info-Standalone_Plugin.plist";
				INFOPLIST_PREPROCESS = NO;
				MACOSX_DEPLOYMENT_TARGET = 10.11;
				MTL_HEADER_SEARCH_PATHS = "$(SRCROOT)/../../JuceLibraryCode $(HOME)/JUCE/modules $(HOME)/JUCE/modules/juce_audio_plugin_client";
				OTHER_LDFLAGS = "-lZEN";
				PRODUCT_BUNDLE_IDENTIFIER = com.peersky.ZEN;
				PRODUCT_NAME = ZEN;
				USE_HEADERMAP = NO;
				VALIDATE_WORKSPACE_SKIPPED_SDK_FRAMEWORKS = OpenGL;
				VALID_ARCHS = "i386 x86_64 arm64 arm64e";
			};
			name = Debug;
		};
		5BE38CE21C141AAAF27CC584 /* Release */ = {
			isa = XCBuildConfiguration;
			buildSettings = {
				ALWAYS_SEARCH_USER_PATHS = NO;
				CLANG_ENABLE_OBJC_WEAK = YES;
				CLANG_WARN_BLOCK_CAPTURE_AUTORELEASING = YES;
				CLANG_WARN_BOOL_CONVERSION = YES;
				CLANG_WARN_COMMA = YES;
				CLANG_WARN_CONSTANT_CONVERSION = YES;
				CLANG_WARN_DEPRECATED_OBJC_IMPLEMENTATIONS = YES;
				CLANG_WARN_EMPTY_BODY = YES;
				CLANG_WARN_ENUM_CONVERSION = YES;
				CLANG_WARN_INFINITE_RECURSION = YES;
				CLANG_WARN_INT_CONVERSION = YES;
				CLANG_WARN_NON_LITERAL_NULL_CONVERSION = YES;
				CLANG_WARN_OBJC_IMPLICIT_RETAIN_SELF = YES;
				CLANG_WARN_OBJC_LITERAL_CONVERSION = YES;
				CLANG_WARN_RANGE_LOOP_ANALYSIS = YES;
				CLANG_WARN_STRICT_PROTOTYPES = YES;
				CLANG_WARN_SUSPICIOUS_MOVE = YES;
				CLANG_WARN_UNREACHABLE_CODE = YES;
				CLANG_WARN__DUPLICATE_METHOD_MATCH = YES;
				CODE_SIGN_IDENTITY = "";
				DEBUG_INFORMATION_FORMAT = dwarf;
				ENABLE_STRICT_OBJC_MSGSEND = YES;
				ENABLE_TESTABILITY = NO;
				GCC_C_LANGUAGE_STANDARD = c11;
				GCC_INLINES_ARE_PRIVATE_EXTERN = YES;
				GCC_MODEL_TUNING = G5;
				GCC_NO_COMMON_BLOCKS = YES;
				GCC_SYMBOLS_PRIVATE_EXTERN = YES;
				GCC_WARN_64_TO_32_BIT_CONVERSION = YES;
				GCC_WARN_ABOUT_RETURN_TYPE = YES;
				GCC_WARN_CHECK_SWITCH_STATEMENTS = YES;
				GCC_WARN_MISSING_PARENTHESES = YES;
				GCC_WARN_NON_VIRTUAL_DESTRUCTOR = YES;
				GCC_WARN_TYPECHECK_CALLS_TO_PRINTF = YES;
				GCC_WARN_UNDECLARED_SELECTOR = YES;
				GCC_WARN_UNINITIALIZED_AUTOS = YES;
				GCC_WARN_UNUSED_FUNCTION = YES;
				GCC_WARN_UNUSED_VARIABLE = YES;
				PRODUCT_NAME = ZEN;
				SDKROOT = macosx;
				WARNING_CFLAGS = "-Wreorder";
				ZERO_LINK = NO;
			};
			name = Release;
		};
		A9263BBEB722FFC765A449CA /* Release */ = {
			isa = XCBuildConfiguration;
			buildSettings = {
				CLANG_CXX_LANGUAGE_STANDARD = "c++14";
				CLANG_CXX_LIBRARY = "libc++";
				CLANG_LINK_OBJC_RUNTIME = NO;
				CODE_SIGN_IDENTITY = "";
				COMBINE_HIDPI_IMAGES = YES;
				CONFIGURATION_BUILD_DIR = "$(PROJECT_DIR)/build/$(CONFIGURATION)";
				DEAD_CODE_STRIPPING = YES;
				GCC_GENERATE_DEBUGGING_SYMBOLS = NO;
				GCC_OPTIMIZATION_LEVEL = 3;
				GCC_PREPROCESSOR_DEFINITIONS = (
					"_NDEBUG=1",
					"NDEBUG=1",
					"JUCER_XCODE_MAC_F6D2F4CF=1",
					"JUCE_APP_VERSION=0.0.1",
					"JUCE_APP_VERSION_HEX=0x1",
					"JucePlugin_Build_VST=0",
					"JucePlugin_Build_VST3=0",
					"JucePlugin_Build_AU=0",
					"JucePlugin_Build_AUv3=0",
					"JucePlugin_Build_RTAS=0",
					"JucePlugin_Build_AAX=0",
					"JucePlugin_Build_Standalone=1",
					"JucePlugin_Build_Unity=0",
				);
				GCC_VERSION = com.apple.compilers.llvm.clang.1_0;
				HEADER_SEARCH_PATHS = (
					"$(SRCROOT)/../../JuceLibraryCode",
					"$(HOME)/JUCE/modules",
					"$(HOME)/JUCE/modules/juce_audio_plugin_client",
					"$(inherited)",
				);
				INFOPLIST_FILE = "Info-Standalone_Plugin.plist";
				INFOPLIST_PREPROCESS = NO;
				LLVM_LTO = YES;
				MACOSX_DEPLOYMENT_TARGET = 10.11;
				MTL_HEADER_SEARCH_PATHS = "$(SRCROOT)/../../JuceLibraryCode $(HOME)/JUCE/modules $(HOME)/JUCE/modules/juce_audio_plugin_client";
				OTHER_LDFLAGS = "-lZEN";
				PRODUCT_BUNDLE_IDENTIFIER = com.peersky.ZEN;
				PRODUCT_NAME = ZEN;
				USE_HEADERMAP = NO;
				VALIDATE_WORKSPACE_SKIPPED_SDK_FRAMEWORKS = OpenGL;
				VALID_ARCHS = "i386 x86_64 arm64 arm64e";
			};
			name = Release;
		};
		AC001076027378FB9D084A66 /* Release */ = {
			isa = XCBuildConfiguration;
			buildSettings = {
				CLANG_CXX_LANGUAGE_STANDARD = "c++14";
				CLANG_CXX_LIBRARY = "libc++";
				CLANG_LINK_OBJC_RUNTIME = NO;
				CODE_SIGN_IDENTITY = "";
				COMBINE_HIDPI_IMAGES = YES;
				CONFIGURATION_BUILD_DIR = "$(PROJECT_DIR)/build/$(CONFIGURATION)";
				DEAD_CODE_STRIPPING = YES;
				DEPLOYMENT_LOCATION = YES;
				DSTROOT = /;
				GCC_GENERATE_DEBUGGING_SYMBOLS = NO;
				GCC_OPTIMIZATION_LEVEL = 3;
				GCC_PREPROCESSOR_DEFINITIONS = (
					"_NDEBUG=1",
					"NDEBUG=1",
					"JUCER_XCODE_MAC_F6D2F4CF=1",
					"JUCE_APP_VERSION=0.0.1",
					"JUCE_APP_VERSION_HEX=0x1",
					"JucePlugin_Build_VST=0",
					"JucePlugin_Build_VST3=0",
					"JucePlugin_Build_AU=1",
					"JucePlugin_Build_AUv3=0",
					"JucePlugin_Build_RTAS=0",
					"JucePlugin_Build_AAX=0",
					"JucePlugin_Build_Standalone=0",
					"JucePlugin_Build_Unity=0",
				);
				GCC_VERSION = com.apple.compilers.llvm.clang.1_0;
				GENERATE_PKGINFO_FILE = YES;
				HEADER_SEARCH_PATHS = (
					"$(SRCROOT)/../../JuceLibraryCode",
					"$(HOME)/JUCE/modules",
					"$(HOME)/JUCE/modules/juce_audio_plugin_client",
					"$(inherited)",
				);
				INFOPLIST_FILE = "Info-AU.plist";
				INFOPLIST_PREPROCESS = NO;
				INSTALL_PATH = "$(HOME)/Library/Audio/Plug-Ins/Components/";
				LIBRARY_STYLE = Bundle;
				LLVM_LTO = YES;
				MACOSX_DEPLOYMENT_TARGET = 10.11;
				MTL_HEADER_SEARCH_PATHS = "$(SRCROOT)/../../JuceLibraryCode $(HOME)/JUCE/modules $(HOME)/JUCE/modules/juce_audio_plugin_client";
				OTHER_LDFLAGS = (
					"-bundle",
					"-lZEN",
				);
				OTHER_REZFLAGS = "-d ppc_$ppc -d i386_$i386 -d ppc64_$ppc64 -d x86_64_$x86_64 -I /System/Library/Frameworks/CoreServices.framework/Frameworks/CarbonCore.framework/Versions/A/Headers -I \"$(DEVELOPER_DIR)/Extras/CoreAudio/AudioUnits/AUPublic/AUBase\" -I \"$(DEVELOPER_DIR)/Platforms/MacOSX.platform/Developer/SDKs/MacOSX.sdk/System/Library/Frameworks/AudioUnit.framework/Headers\"";
				PRODUCT_BUNDLE_IDENTIFIER = com.peersky.ZEN;
				PRODUCT_NAME = ZEN;
				USE_HEADERMAP = NO;
				VALIDATE_WORKSPACE_SKIPPED_SDK_FRAMEWORKS = OpenGL;
				VALID_ARCHS = "i386 x86_64 arm64 arm64e";
				WRAPPER_EXTENSION = component;
			};
			name = Release;
		};
		B18F059759068971169EE639 /* Debug */ = {
			isa = XCBuildConfiguration;
			buildSettings = {
				CLANG_CXX_LANGUAGE_STANDARD = "c++14";
				CLANG_CXX_LIBRARY = "libc++";
				CLANG_LINK_OBJC_RUNTIME = NO;
				CODE_SIGN_IDENTITY = "";
				COMBINE_HIDPI_IMAGES = YES;
				CONFIGURATION_BUILD_DIR = "$(PROJECT_DIR)/build/$(CONFIGURATION)";
				COPY_PHASE_STRIP = NO;
				DEPLOYMENT_LOCATION = YES;
				DSTROOT = /;
				GCC_DYNAMIC_NO_PIC = NO;
				GCC_OPTIMIZATION_LEVEL = 0;
				GCC_PREPROCESSOR_DEFINITIONS = (
					"_DEBUG=1",
					"DEBUG=1",
					"JUCER_XCODE_MAC_F6D2F4CF=1",
					"JUCE_APP_VERSION=0.0.1",
					"JUCE_APP_VERSION_HEX=0x1",
					"JucePlugin_Build_VST=0",
					"JucePlugin_Build_VST3=0",
					"JucePlugin_Build_AU=1",
					"JucePlugin_Build_AUv3=0",
					"JucePlugin_Build_RTAS=0",
					"JucePlugin_Build_AAX=0",
					"JucePlugin_Build_Standalone=0",
					"JucePlugin_Build_Unity=0",
				);
				GCC_VERSION = com.apple.compilers.llvm.clang.1_0;
				GENERATE_PKGINFO_FILE = YES;
				HEADER_SEARCH_PATHS = (
					"$(SRCROOT)/../../JuceLibraryCode",
					"$(HOME)/JUCE/modules",
					"$(HOME)/JUCE/modules/juce_audio_plugin_client",
					"$(inherited)",
				);
				INFOPLIST_FILE = "Info-AU.plist";
				INFOPLIST_PREPROCESS = NO;
				INSTALL_PATH = "$(HOME)/Library/Audio/Plug-Ins/Components/";
				LIBRARY_STYLE = Bundle;
				MACOSX_DEPLOYMENT_TARGET = 10.11;
				MTL_HEADER_SEARCH_PATHS = "$(SRCROOT)/../../JuceLibraryCode $(HOME)/JUCE/modules $(HOME)/JUCE/modules/juce_audio_plugin_client";
				OTHER_LDFLAGS = (
					"-bundle",
					"-lZEN",
				);
				OTHER_REZFLAGS = "-d ppc_$ppc -d i386_$i386 -d ppc64_$ppc64 -d x86_64_$x86_64 -I /System/Library/Frameworks/CoreServices.framework/Frameworks/CarbonCore.framework/Versions/A/Headers -I \"$(DEVELOPER_DIR)/Extras/CoreAudio/AudioUnits/AUPublic/AUBase\" -I \"$(DEVELOPER_DIR)/Platforms/MacOSX.platform/Developer/SDKs/MacOSX.sdk/System/Library/Frameworks/AudioUnit.framework/Headers\"";
				PRODUCT_BUNDLE_IDENTIFIER = com.peersky.ZEN;
				PRODUCT_NAME = ZEN;
				USE_HEADERMAP = NO;
				VALIDATE_WORKSPACE_SKIPPED_SDK_FRAMEWORKS = OpenGL;
				VALID_ARCHS = "i386 x86_64 arm64 arm64e";
				WRAPPER_EXTENSION = component;
			};
			name = Debug;
		};
		BC8ECF0FF637F7311CCECF55 /* Debug */ = {
			isa = XCBuildConfiguration;
			buildSettings = {
				CLANG_CXX_LANGUAGE_STANDARD = "c++14";
				CLANG_CXX_LIBRARY = "libc++";
				CLANG_LINK_OBJC_RUNTIME = NO;
				CODE_SIGN_IDENTITY = "";
				COMBINE_HIDPI_IMAGES = YES;
				CONFIGURATION_BUILD_DIR = "$(PROJECT_DIR)/build/$(CONFIGURATION)";
				COPY_PHASE_STRIP = NO;
				GCC_DYNAMIC_NO_PIC = NO;
				GCC_OPTIMIZATION_LEVEL = 0;
				GCC_PREPROCESSOR_DEFINITIONS = (
					"_DEBUG=1",
					"DEBUG=1",
					"JUCER_XCODE_MAC_F6D2F4CF=1",
					"JUCE_APP_VERSION=0.0.1",
					"JUCE_APP_VERSION_HEX=0x1",
					"JucePlugin_Build_VST=0",
					"JucePlugin_Build_VST3=0",
					"JucePlugin_Build_AU=1",
					"JucePlugin_Build_AUv3=0",
					"JucePlugin_Build_RTAS=0",
					"JucePlugin_Build_AAX=0",
					"JucePlugin_Build_Standalone=1",
					"JucePlugin_Build_Unity=0",
					"JUCE_SHARED_CODE=1",
				);
				GCC_VERSION = com.apple.compilers.llvm.clang.1_0;
				HEADER_SEARCH_PATHS = (
					"$(SRCROOT)/../../JuceLibraryCode",
					"$(HOME)/JUCE/modules",
					"$(HOME)/JUCE/modules/juce_audio_plugin_client",
					"$(inherited)",
				);
				INSTALL_PATH = "@executable_path/../Frameworks";
				MACOSX_DEPLOYMENT_TARGET = 10.11;
				MTL_HEADER_SEARCH_PATHS = "$(SRCROOT)/../../JuceLibraryCode $(HOME)/JUCE/modules $(HOME)/JUCE/modules/juce_audio_plugin_client";
				PRODUCT_BUNDLE_IDENTIFIER = com.peersky.ZEN;
				PRODUCT_NAME = ZEN;
				SKIP_INSTALL = YES;
				USE_HEADERMAP = NO;
				VALIDATE_WORKSPACE_SKIPPED_SDK_FRAMEWORKS = OpenGL;
				VALID_ARCHS = "i386 x86_64 arm64 arm64e";
			};
			name = Debug;
		};
		C858F428D6683958D73B0C79 /* Debug */ = {
			isa = XCBuildConfiguration;
			buildSettings = {
				ALWAYS_SEARCH_USER_PATHS = NO;
				CLANG_ENABLE_OBJC_WEAK = YES;
				CLANG_WARN_BLOCK_CAPTURE_AUTORELEASING = YES;
				CLANG_WARN_BOOL_CONVERSION = YES;
				CLANG_WARN_COMMA = YES;
				CLANG_WARN_CONSTANT_CONVERSION = YES;
				CLANG_WARN_DEPRECATED_OBJC_IMPLEMENTATIONS = YES;
				CLANG_WARN_EMPTY_BODY = YES;
				CLANG_WARN_ENUM_CONVERSION = YES;
				CLANG_WARN_INFINITE_RECURSION = YES;
				CLANG_WARN_INT_CONVERSION = YES;
				CLANG_WARN_NON_LITERAL_NULL_CONVERSION = YES;
				CLANG_WARN_OBJC_IMPLICIT_RETAIN_SELF = YES;
				CLANG_WARN_OBJC_LITERAL_CONVERSION = YES;
				CLANG_WARN_RANGE_LOOP_ANALYSIS = YES;
				CLANG_WARN_STRICT_PROTOTYPES = YES;
				CLANG_WARN_SUSPICIOUS_MOVE = YES;
				CLANG_WARN_UNREACHABLE_CODE = YES;
				CLANG_WARN__DUPLICATE_METHOD_MATCH = YES;
				CODE_SIGN_IDENTITY = "";
				DEBUG_INFORMATION_FORMAT = dwarf;
				ENABLE_STRICT_OBJC_MSGSEND = YES;
				ENABLE_TESTABILITY = NO;
				GCC_C_LANGUAGE_STANDARD = c11;
				GCC_INLINES_ARE_PRIVATE_EXTERN = YES;
				GCC_MODEL_TUNING = G5;
				GCC_NO_COMMON_BLOCKS = YES;
				GCC_SYMBOLS_PRIVATE_EXTERN = YES;
				GCC_WARN_64_TO_32_BIT_CONVERSION = YES;
				GCC_WARN_ABOUT_RETURN_TYPE = YES;
				GCC_WARN_CHECK_SWITCH_STATEMENTS = YES;
				GCC_WARN_MISSING_PARENTHESES = YES;
				GCC_WARN_NON_VIRTUAL_DESTRUCTOR = YES;
				GCC_WARN_TYPECHECK_CALLS_TO_PRINTF = YES;
				GCC_WARN_UNDECLARED_SELECTOR = YES;
				GCC_WARN_UNINITIALIZED_AUTOS = YES;
				GCC_WARN_UNUSED_FUNCTION = YES;
				GCC_WARN_UNUSED_VARIABLE = YES;
				ONLY_ACTIVE_ARCH = YES;
				PRODUCT_NAME = ZEN;
				SDKROOT = macosx;
				WARNING_CFLAGS = "-Wreorder";
				ZERO_LINK = NO;
			};
			name = Debug;
		};
		E90B8D921EFF8A1CA09FA55C /* Release */ = {
			isa = XCBuildConfiguration;
			buildSettings = {
				MACOSX_DEPLOYMENT_TARGET = 10.11;
				SDKROOT = macosx;
			};
			name = Release;
		};
/* End XCBuildConfiguration section */

/* Begin XCConfigurationList section */
		15FAEB34D6445E4585C4CB7E /* Build configuration list for PBXNativeTarget "ZenPlugin - AU" */ = {
			isa = XCConfigurationList;
			buildConfigurations = (
				B18F059759068971169EE639 /* Debug */,
				AC001076027378FB9D084A66 /* Release */,
			);
			defaultConfigurationIsVisible = 0;
			defaultConfigurationName = Debug;
		};
		1930D53971389744152980FA /* Build configuration list for PBXNativeTarget "ZenPlugin - Shared Code" */ = {
			isa = XCConfigurationList;
			buildConfigurations = (
				BC8ECF0FF637F7311CCECF55 /* Debug */,
				2FBCC90B16F562BBCBFE564E /* Release */,
			);
			defaultConfigurationIsVisible = 0;
			defaultConfigurationName = Debug;
		};
		696B9F68FC3D2BF2ACD07257 /* Build configuration list for PBXAggregateTarget "ZenPlugin - All" */ = {
			isa = XCConfigurationList;
			buildConfigurations = (
				407663599ACA81FAADD553BF /* Debug */,
				E90B8D921EFF8A1CA09FA55C /* Release */,
			);
			defaultConfigurationIsVisible = 0;
			defaultConfigurationName = Debug;
		};
		911BEA3B2AF9FAACADAF58E3 /* Build configuration list for PBXNativeTarget "ZenPlugin - Standalone Plugin" */ = {
			isa = XCConfigurationList;
			buildConfigurations = (
				4F44D44F22881DC34AE6B961 /* Debug */,
				A9263BBEB722FFC765A449CA /* Release */,
			);
			defaultConfigurationIsVisible = 0;
			defaultConfigurationName = Debug;
		};
		C50F7A3399675EF31D798A62 /* Build configuration list for PBXProject "ZenDigitalProcessor" */ = {
			isa = XCConfigurationList;
			buildConfigurations = (
				5BE38CE21C141AAAF27CC584 /* Release */,
				C858F428D6683958D73B0C79 /* Debug */,
			);
			defaultConfigurationIsVisible = 0;
			defaultConfigurationName = Debug;
		};
/* End XCConfigurationList section */
	};
	rootObject = 6DFDA17080A9F446794D5D4B /* Project object */;
}
